// !$*UTF8*$!
{
	archiveVersion = 1;
	classes = {
	};
	objectVersion = 46;
	objects = {

/* Begin PBXBuildFile section */
		F81ADAC81448F2C500BC821A /* ScriptTableExample.m in Sources */ = {isa = PBXBuildFile; fileRef = F81ADAC71448F2C500BC821A /* ScriptTableExample.m */; };
		F81ADACB1449CA8600BC821A /* ObjAdderFixture.m in Sources */ = {isa = PBXBuildFile; fileRef = F81ADACA1449CA8600BC821A /* ObjAdderFixture.m */; };
		F82102491448DF420086919F /* Adder.m in Sources */ = {isa = PBXBuildFile; fileRef = F82102481448DF420086919F /* Adder.m */; };
		F821024A1448DF420086919F /* Adder.m in Sources */ = {isa = PBXBuildFile; fileRef = F82102481448DF420086919F /* Adder.m */; };
		F8543DA4146711FB001FC9E6 /* StatementExecutor.m in Sources */ = {isa = PBXBuildFile; fileRef = F8E09F601452189900C33534 /* StatementExecutor.m */; };
		F8543DA714671E11001FC9E6 /* Count.m in Sources */ = {isa = PBXBuildFile; fileRef = F8543DA614671E11001FC9E6 /* Count.m */; };
		F8543DA814672929001FC9E6 /* Fixtures.m in Sources */ = {isa = PBXBuildFile; fileRef = F873F3D11448BF0700FFCA02 /* Fixtures.m */; };
		F873F3D21448BF0700FFCA02 /* Fixtures.m in Sources */ = {isa = PBXBuildFile; fileRef = F873F3D11448BF0700FFCA02 /* Fixtures.m */; };
		F873F3D41448BF2800FFCA02 /* DecisionTableExample.c in Sources */ = {isa = PBXBuildFile; fileRef = F873F3D31448BF2800FFCA02 /* DecisionTableExample.c */; };
		F873F3D61448BF4F00FFCA02 /* Main.c in Sources */ = {isa = PBXBuildFile; fileRef = F873F3D51448BF4F00FFCA02 /* Main.c */; };
		F873F3DA1448C6BC00FFCA02 /* AdderFixture.m in Sources */ = {isa = PBXBuildFile; fileRef = F873F3D81448C6BC00FFCA02 /* AdderFixture.m */; };
		F8A425B5145208CC00FD4ECA /* Foundation.framework in Frameworks */ = {isa = PBXBuildFile; fileRef = F8A425B4145208CC00FD4ECA /* Foundation.framework */; };
		F8A425E71452098500FD4ECA /* OCDSpecDescription.m in Sources */ = {isa = PBXBuildFile; fileRef = F8A425D81452098500FD4ECA /* OCDSpecDescription.m */; };
		F8A425E81452098500FD4ECA /* OCDSpecDescriptionRunner.m in Sources */ = {isa = PBXBuildFile; fileRef = F8A425DA1452098500FD4ECA /* OCDSpecDescriptionRunner.m */; };
		F8A425E91452098500FD4ECA /* OCDSpecExample.m in Sources */ = {isa = PBXBuildFile; fileRef = F8A425DC1452098500FD4ECA /* OCDSpecExample.m */; };
		F8A425EA1452098500FD4ECA /* OCDSpecExpectation.m in Sources */ = {isa = PBXBuildFile; fileRef = F8A425DE1452098500FD4ECA /* OCDSpecExpectation.m */; };
		F8A425EB1452098500FD4ECA /* OCDSpecFail.m in Sources */ = {isa = PBXBuildFile; fileRef = F8A425E01452098500FD4ECA /* OCDSpecFail.m */; };
		F8A425EC1452098500FD4ECA /* OCDSpecOutputter.m in Sources */ = {isa = PBXBuildFile; fileRef = F8A425E21452098500FD4ECA /* OCDSpecOutputter.m */; };
		F8A425ED1452098500FD4ECA /* OCDSpecOutputter+RedirectOutput.m in Sources */ = {isa = PBXBuildFile; fileRef = F8A425E41452098500FD4ECA /* OCDSpecOutputter+RedirectOutput.m */; };
		F8A425EE1452098500FD4ECA /* OCDSpecSharedResults.m in Sources */ = {isa = PBXBuildFile; fileRef = F8A425E61452098500FD4ECA /* OCDSpecSharedResults.m */; };
		F8A425F0145209A000FD4ECA /* unitTestMain.m in Sources */ = {isa = PBXBuildFile; fileRef = F8A425EF145209A000FD4ECA /* unitTestMain.m */; };
		F8A425F2145209F800FD4ECA /* UIKit.framework in Frameworks */ = {isa = PBXBuildFile; fileRef = F8A425F1145209F800FD4ECA /* UIKit.framework */; };
		F8A426041452130900FD4ECA /* StatementExecutorSpec.m in Sources */ = {isa = PBXBuildFile; fileRef = F8A426031452130900FD4ECA /* StatementExecutorSpec.m */; };
		F8E09F541452185700C33534 /* SocketServer.c in Sources */ = {isa = PBXBuildFile; fileRef = F8ED9F441448BE8100DCBB3F /* SocketServer.c */; };
		F8E09F551452185700C33534 /* TcpComLink.c in Sources */ = {isa = PBXBuildFile; fileRef = F8ED9F451448BE8100DCBB3F /* TcpComLink.c */; };
		F8E09F561452185700C33534 /* ListExecutor.c in Sources */ = {isa = PBXBuildFile; fileRef = F8ED9F321448BE7200DCBB3F /* ListExecutor.c */; };
		F8E09F571452185700C33534 /* Slim.c in Sources */ = {isa = PBXBuildFile; fileRef = F8ED9F331448BE7200DCBB3F /* Slim.c */; };
		F8E09F581452185700C33534 /* SlimConnectionHandler.c in Sources */ = {isa = PBXBuildFile; fileRef = F8ED9F341448BE7200DCBB3F /* SlimConnectionHandler.c */; };
		F8E09F591452185700C33534 /* SlimList.c in Sources */ = {isa = PBXBuildFile; fileRef = F8ED9F351448BE7200DCBB3F /* SlimList.c */; };
		F8E09F5A1452185700C33534 /* SlimListDeserializer.c in Sources */ = {isa = PBXBuildFile; fileRef = F8ED9F361448BE7200DCBB3F /* SlimListDeserializer.c */; };
		F8E09F5B1452185700C33534 /* SlimListSerializer.c in Sources */ = {isa = PBXBuildFile; fileRef = F8ED9F371448BE7200DCBB3F /* SlimListSerializer.c */; };
		F8E09F5C1452185700C33534 /* SlimUtil.c in Sources */ = {isa = PBXBuildFile; fileRef = F8ED9F381448BE7200DCBB3F /* SlimUtil.c */; };
		F8E09F5E1452185700C33534 /* SymbolTable.c in Sources */ = {isa = PBXBuildFile; fileRef = F8ED9F3A1448BE7200DCBB3F /* SymbolTable.c */; };
		F8E09F611452189900C33534 /* StatementExecutor.m in Sources */ = {isa = PBXBuildFile; fileRef = F8E09F601452189900C33534 /* StatementExecutor.m */; };
		F8E09F6414521AF300C33534 /* TestSlim.m in Sources */ = {isa = PBXBuildFile; fileRef = F8E09F6314521AF300C33534 /* TestSlim.m */; };
		F8ED9F011448BDF900DCBB3F /* Cocoa.framework in Frameworks */ = {isa = PBXBuildFile; fileRef = F8ED9F001448BDF900DCBB3F /* Cocoa.framework */; };
		F8ED9F0B1448BDF900DCBB3F /* InfoPlist.strings in Resources */ = {isa = PBXBuildFile; fileRef = F8ED9F091448BDF900DCBB3F /* InfoPlist.strings */; };
		F8ED9F0E1448BDF900DCBB3F /* main.m in Sources */ = {isa = PBXBuildFile; fileRef = F8ED9F0D1448BDF900DCBB3F /* main.m */; };
		F8ED9F111448BDF900DCBB3F /* Credits.rtf in Resources */ = {isa = PBXBuildFile; fileRef = F8ED9F0F1448BDF900DCBB3F /* Credits.rtf */; };
		F8ED9F141448BDF900DCBB3F /* ObjectiveCSlimAppDelegate.m in Sources */ = {isa = PBXBuildFile; fileRef = F8ED9F131448BDF900DCBB3F /* ObjectiveCSlimAppDelegate.m */; };
		F8ED9F171448BDF900DCBB3F /* MainMenu.xib in Resources */ = {isa = PBXBuildFile; fileRef = F8ED9F151448BDF900DCBB3F /* MainMenu.xib */; };
		F8ED9F241448BE3200DCBB3F /* ObjectiveCSlimAppDelegate.m in Sources */ = {isa = PBXBuildFile; fileRef = F8ED9F131448BDF900DCBB3F /* ObjectiveCSlimAppDelegate.m */; };
		F8ED9F261448BE3200DCBB3F /* Cocoa.framework in Frameworks */ = {isa = PBXBuildFile; fileRef = F8ED9F001448BDF900DCBB3F /* Cocoa.framework */; };
		F8ED9F281448BE3200DCBB3F /* InfoPlist.strings in Resources */ = {isa = PBXBuildFile; fileRef = F8ED9F091448BDF900DCBB3F /* InfoPlist.strings */; };
		F8ED9F291448BE3200DCBB3F /* Credits.rtf in Resources */ = {isa = PBXBuildFile; fileRef = F8ED9F0F1448BDF900DCBB3F /* Credits.rtf */; };
		F8ED9F2A1448BE3200DCBB3F /* MainMenu.xib in Resources */ = {isa = PBXBuildFile; fileRef = F8ED9F151448BDF900DCBB3F /* MainMenu.xib */; };
		F8ED9F3B1448BE7200DCBB3F /* ListExecutor.c in Sources */ = {isa = PBXBuildFile; fileRef = F8ED9F321448BE7200DCBB3F /* ListExecutor.c */; };
		F8ED9F3C1448BE7200DCBB3F /* Slim.c in Sources */ = {isa = PBXBuildFile; fileRef = F8ED9F331448BE7200DCBB3F /* Slim.c */; };
		F8ED9F3D1448BE7200DCBB3F /* SlimConnectionHandler.c in Sources */ = {isa = PBXBuildFile; fileRef = F8ED9F341448BE7200DCBB3F /* SlimConnectionHandler.c */; };
		F8ED9F3E1448BE7200DCBB3F /* SlimList.c in Sources */ = {isa = PBXBuildFile; fileRef = F8ED9F351448BE7200DCBB3F /* SlimList.c */; };
		F8ED9F3F1448BE7200DCBB3F /* SlimListDeserializer.c in Sources */ = {isa = PBXBuildFile; fileRef = F8ED9F361448BE7200DCBB3F /* SlimListDeserializer.c */; };
		F8ED9F401448BE7200DCBB3F /* SlimListSerializer.c in Sources */ = {isa = PBXBuildFile; fileRef = F8ED9F371448BE7200DCBB3F /* SlimListSerializer.c */; };
		F8ED9F411448BE7200DCBB3F /* SlimUtil.c in Sources */ = {isa = PBXBuildFile; fileRef = F8ED9F381448BE7200DCBB3F /* SlimUtil.c */; };
		F8ED9F431448BE7200DCBB3F /* SymbolTable.c in Sources */ = {isa = PBXBuildFile; fileRef = F8ED9F3A1448BE7200DCBB3F /* SymbolTable.c */; };
		F8ED9F461448BE8100DCBB3F /* SocketServer.c in Sources */ = {isa = PBXBuildFile; fileRef = F8ED9F441448BE8100DCBB3F /* SocketServer.c */; };
		F8ED9F471448BE8100DCBB3F /* TcpComLink.c in Sources */ = {isa = PBXBuildFile; fileRef = F8ED9F451448BE8100DCBB3F /* TcpComLink.c */; };
/* End PBXBuildFile section */

/* Begin PBXFileReference section */
		F81ADAC71448F2C500BC821A /* ScriptTableExample.m */ = {isa = PBXFileReference; fileEncoding = 4; lastKnownFileType = sourcecode.c.objc; path = ScriptTableExample.m; sourceTree = "<group>"; };
		F81ADAC91449CA8600BC821A /* ObjAdderFixture.h */ = {isa = PBXFileReference; fileEncoding = 4; lastKnownFileType = sourcecode.c.h; path = ObjAdderFixture.h; sourceTree = "<group>"; };
		F81ADACA1449CA8600BC821A /* ObjAdderFixture.m */ = {isa = PBXFileReference; fileEncoding = 4; lastKnownFileType = sourcecode.c.objc; path = ObjAdderFixture.m; sourceTree = "<group>"; };
		F82102471448DF420086919F /* Adder.h */ = {isa = PBXFileReference; fileEncoding = 4; lastKnownFileType = sourcecode.c.h; path = Adder.h; sourceTree = "<group>"; };
		F82102481448DF420086919F /* Adder.m */ = {isa = PBXFileReference; fileEncoding = 4; lastKnownFileType = sourcecode.c.objc; path = Adder.m; sourceTree = "<group>"; };
		F8543DA514671E11001FC9E6 /* Count.h */ = {isa = PBXFileReference; fileEncoding = 4; lastKnownFileType = sourcecode.c.h; path = Count.h; sourceTree = "<group>"; };
		F8543DA614671E11001FC9E6 /* Count.m */ = {isa = PBXFileReference; fileEncoding = 4; lastKnownFileType = sourcecode.c.objc; path = Count.m; sourceTree = "<group>"; };
		F873F3D11448BF0700FFCA02 /* Fixtures.m */ = {isa = PBXFileReference; fileEncoding = 4; lastKnownFileType = sourcecode.c.objc; path = Fixtures.m; sourceTree = "<group>"; };
		F873F3D31448BF2800FFCA02 /* DecisionTableExample.c */ = {isa = PBXFileReference; fileEncoding = 4; lastKnownFileType = sourcecode.c.c; path = DecisionTableExample.c; sourceTree = "<group>"; };
		F873F3D51448BF4F00FFCA02 /* Main.c */ = {isa = PBXFileReference; fileEncoding = 4; lastKnownFileType = sourcecode.c.c; path = Main.c; sourceTree = "<group>"; };
		F873F3D71448C5F100FFCA02 /* fitnesse.jar */ = {isa = PBXFileReference; lastKnownFileType = archive.jar; path = fitnesse.jar; sourceTree = "<group>"; };
		F873F3D81448C6BC00FFCA02 /* AdderFixture.m */ = {isa = PBXFileReference; fileEncoding = 4; lastKnownFileType = sourcecode.c.objc; path = AdderFixture.m; sourceTree = "<group>"; };
		F8A425B0145208CC00FD4ECA /* Specs.app */ = {isa = PBXFileReference; explicitFileType = wrapper.application; includeInIndex = 0; path = Specs.app; sourceTree = BUILT_PRODUCTS_DIR; };
		F8A425B2145208CC00FD4ECA /* UIKit.framework */ = {isa = PBXFileReference; lastKnownFileType = wrapper.framework; name = UIKit.framework; path = System/Library/Frameworks/UIKit.framework; sourceTree = SDKROOT; };
		F8A425B4145208CC00FD4ECA /* Foundation.framework */ = {isa = PBXFileReference; lastKnownFileType = wrapper.framework; name = Foundation.framework; path = System/Library/Frameworks/Foundation.framework; sourceTree = SDKROOT; };
		F8A425B6145208CC00FD4ECA /* CoreGraphics.framework */ = {isa = PBXFileReference; lastKnownFileType = wrapper.framework; name = CoreGraphics.framework; path = System/Library/Frameworks/CoreGraphics.framework; sourceTree = SDKROOT; };
		F8A425BE145208CD00FD4ECA /* Specs-Prefix.pch */ = {isa = PBXFileReference; lastKnownFileType = sourcecode.c.h; path = "Specs-Prefix.pch"; sourceTree = "<group>"; };
		F8A425D51452098500FD4ECA /* iPhone-Prefix.pch */ = {isa = PBXFileReference; fileEncoding = 4; lastKnownFileType = sourcecode.c.h; name = "iPhone-Prefix.pch"; path = "OCDSpec/OCDSpec/iPhone-Prefix.pch"; sourceTree = SOURCE_ROOT; };
		F8A425D61452098500FD4ECA /* OCDSpec.h */ = {isa = PBXFileReference; fileEncoding = 4; lastKnownFileType = sourcecode.c.h; name = OCDSpec.h; path = OCDSpec/OCDSpec/OCDSpec.h; sourceTree = SOURCE_ROOT; };
		F8A425D71452098500FD4ECA /* OCDSpecDescription.h */ = {isa = PBXFileReference; fileEncoding = 4; lastKnownFileType = sourcecode.c.h; name = OCDSpecDescription.h; path = OCDSpec/OCDSpec/OCDSpecDescription.h; sourceTree = SOURCE_ROOT; };
		F8A425D81452098500FD4ECA /* OCDSpecDescription.m */ = {isa = PBXFileReference; fileEncoding = 4; lastKnownFileType = sourcecode.c.objc; name = OCDSpecDescription.m; path = OCDSpec/OCDSpec/OCDSpecDescription.m; sourceTree = SOURCE_ROOT; };
		F8A425D91452098500FD4ECA /* OCDSpecDescriptionRunner.h */ = {isa = PBXFileReference; fileEncoding = 4; lastKnownFileType = sourcecode.c.h; name = OCDSpecDescriptionRunner.h; path = OCDSpec/OCDSpec/OCDSpecDescriptionRunner.h; sourceTree = SOURCE_ROOT; };
		F8A425DA1452098500FD4ECA /* OCDSpecDescriptionRunner.m */ = {isa = PBXFileReference; fileEncoding = 4; lastKnownFileType = sourcecode.c.objc; name = OCDSpecDescriptionRunner.m; path = OCDSpec/OCDSpec/OCDSpecDescriptionRunner.m; sourceTree = SOURCE_ROOT; };
		F8A425DB1452098500FD4ECA /* OCDSpecExample.h */ = {isa = PBXFileReference; fileEncoding = 4; lastKnownFileType = sourcecode.c.h; name = OCDSpecExample.h; path = OCDSpec/OCDSpec/OCDSpecExample.h; sourceTree = SOURCE_ROOT; };
		F8A425DC1452098500FD4ECA /* OCDSpecExample.m */ = {isa = PBXFileReference; fileEncoding = 4; lastKnownFileType = sourcecode.c.objc; name = OCDSpecExample.m; path = OCDSpec/OCDSpec/OCDSpecExample.m; sourceTree = SOURCE_ROOT; };
		F8A425DD1452098500FD4ECA /* OCDSpecExpectation.h */ = {isa = PBXFileReference; fileEncoding = 4; lastKnownFileType = sourcecode.c.h; name = OCDSpecExpectation.h; path = OCDSpec/OCDSpec/OCDSpecExpectation.h; sourceTree = SOURCE_ROOT; };
		F8A425DE1452098500FD4ECA /* OCDSpecExpectation.m */ = {isa = PBXFileReference; fileEncoding = 4; lastKnownFileType = sourcecode.c.objc; name = OCDSpecExpectation.m; path = OCDSpec/OCDSpec/OCDSpecExpectation.m; sourceTree = SOURCE_ROOT; };
		F8A425DF1452098500FD4ECA /* OCDSpecFail.h */ = {isa = PBXFileReference; fileEncoding = 4; lastKnownFileType = sourcecode.c.h; name = OCDSpecFail.h; path = OCDSpec/OCDSpec/OCDSpecFail.h; sourceTree = SOURCE_ROOT; };
		F8A425E01452098500FD4ECA /* OCDSpecFail.m */ = {isa = PBXFileReference; fileEncoding = 4; lastKnownFileType = sourcecode.c.objc; name = OCDSpecFail.m; path = OCDSpec/OCDSpec/OCDSpecFail.m; sourceTree = SOURCE_ROOT; };
		F8A425E11452098500FD4ECA /* OCDSpecOutputter.h */ = {isa = PBXFileReference; fileEncoding = 4; lastKnownFileType = sourcecode.c.h; name = OCDSpecOutputter.h; path = OCDSpec/OCDSpec/OCDSpecOutputter.h; sourceTree = SOURCE_ROOT; };
		F8A425E21452098500FD4ECA /* OCDSpecOutputter.m */ = {isa = PBXFileReference; fileEncoding = 4; lastKnownFileType = sourcecode.c.objc; name = OCDSpecOutputter.m; path = OCDSpec/OCDSpec/OCDSpecOutputter.m; sourceTree = SOURCE_ROOT; };
		F8A425E31452098500FD4ECA /* OCDSpecOutputter+RedirectOutput.h */ = {isa = PBXFileReference; fileEncoding = 4; lastKnownFileType = sourcecode.c.h; name = "OCDSpecOutputter+RedirectOutput.h"; path = "OCDSpec/OCDSpec/OCDSpecOutputter+RedirectOutput.h"; sourceTree = SOURCE_ROOT; };
		F8A425E41452098500FD4ECA /* OCDSpecOutputter+RedirectOutput.m */ = {isa = PBXFileReference; fileEncoding = 4; lastKnownFileType = sourcecode.c.objc; name = "OCDSpecOutputter+RedirectOutput.m"; path = "OCDSpec/OCDSpec/OCDSpecOutputter+RedirectOutput.m"; sourceTree = SOURCE_ROOT; };
		F8A425E51452098500FD4ECA /* OCDSpecSharedResults.h */ = {isa = PBXFileReference; fileEncoding = 4; lastKnownFileType = sourcecode.c.h; name = OCDSpecSharedResults.h; path = OCDSpec/OCDSpec/OCDSpecSharedResults.h; sourceTree = SOURCE_ROOT; };
		F8A425E61452098500FD4ECA /* OCDSpecSharedResults.m */ = {isa = PBXFileReference; fileEncoding = 4; lastKnownFileType = sourcecode.c.objc; name = OCDSpecSharedResults.m; path = OCDSpec/OCDSpec/OCDSpecSharedResults.m; sourceTree = SOURCE_ROOT; };
		F8A425EF145209A000FD4ECA /* unitTestMain.m */ = {isa = PBXFileReference; fileEncoding = 4; lastKnownFileType = sourcecode.c.objc; name = unitTestMain.m; path = OCDSpec/OCDSpec/Programs/unitTestMain.m; sourceTree = SOURCE_ROOT; };
		F8A425F1145209F800FD4ECA /* UIKit.framework */ = {isa = PBXFileReference; lastKnownFileType = wrapper.framework; name = UIKit.framework; path = Platforms/iPhoneOS.platform/Developer/SDKs/iPhoneOS4.3.sdk/System/Library/Frameworks/UIKit.framework; sourceTree = DEVELOPER_DIR; };
		F8A426031452130900FD4ECA /* StatementExecutorSpec.m */ = {isa = PBXFileReference; fileEncoding = 4; lastKnownFileType = sourcecode.c.objc; path = StatementExecutorSpec.m; sourceTree = "<group>"; };
		F8E09F601452189900C33534 /* StatementExecutor.m */ = {isa = PBXFileReference; fileEncoding = 4; lastKnownFileType = sourcecode.c.objc; path = StatementExecutor.m; sourceTree = "<group>"; };
		F8E09F6214521AF300C33534 /* TestSlim.h */ = {isa = PBXFileReference; fileEncoding = 4; lastKnownFileType = sourcecode.c.h; path = TestSlim.h; sourceTree = "<group>"; };
		F8E09F6314521AF300C33534 /* TestSlim.m */ = {isa = PBXFileReference; fileEncoding = 4; lastKnownFileType = sourcecode.c.objc; path = TestSlim.m; sourceTree = "<group>"; };
		F8ED9EFC1448BDF900DCBB3F /* ObjectiveCSlim.app */ = {isa = PBXFileReference; explicitFileType = wrapper.application; includeInIndex = 0; path = ObjectiveCSlim.app; sourceTree = BUILT_PRODUCTS_DIR; };
		F8ED9F001448BDF900DCBB3F /* Cocoa.framework */ = {isa = PBXFileReference; lastKnownFileType = wrapper.framework; name = Cocoa.framework; path = System/Library/Frameworks/Cocoa.framework; sourceTree = SDKROOT; };
		F8ED9F031448BDF900DCBB3F /* AppKit.framework */ = {isa = PBXFileReference; lastKnownFileType = wrapper.framework; name = AppKit.framework; path = System/Library/Frameworks/AppKit.framework; sourceTree = SDKROOT; };
		F8ED9F041448BDF900DCBB3F /* CoreData.framework */ = {isa = PBXFileReference; lastKnownFileType = wrapper.framework; name = CoreData.framework; path = System/Library/Frameworks/CoreData.framework; sourceTree = SDKROOT; };
		F8ED9F051448BDF900DCBB3F /* Foundation.framework */ = {isa = PBXFileReference; lastKnownFileType = wrapper.framework; name = Foundation.framework; path = System/Library/Frameworks/Foundation.framework; sourceTree = SDKROOT; };
		F8ED9F081448BDF900DCBB3F /* ObjectiveCSlim-Info.plist */ = {isa = PBXFileReference; lastKnownFileType = text.plist.xml; path = "ObjectiveCSlim-Info.plist"; sourceTree = "<group>"; };
		F8ED9F0A1448BDF900DCBB3F /* en */ = {isa = PBXFileReference; lastKnownFileType = text.plist.strings; name = en; path = en.lproj/InfoPlist.strings; sourceTree = "<group>"; };
		F8ED9F0C1448BDF900DCBB3F /* ObjectiveCSlim-Prefix.pch */ = {isa = PBXFileReference; lastKnownFileType = sourcecode.c.h; path = "ObjectiveCSlim-Prefix.pch"; sourceTree = "<group>"; };
		F8ED9F0D1448BDF900DCBB3F /* main.m */ = {isa = PBXFileReference; lastKnownFileType = sourcecode.c.objc; path = main.m; sourceTree = "<group>"; };
		F8ED9F101448BDF900DCBB3F /* en */ = {isa = PBXFileReference; lastKnownFileType = text.rtf; name = en; path = en.lproj/Credits.rtf; sourceTree = "<group>"; };
		F8ED9F121448BDF900DCBB3F /* ObjectiveCSlimAppDelegate.h */ = {isa = PBXFileReference; lastKnownFileType = sourcecode.c.h; path = ObjectiveCSlimAppDelegate.h; sourceTree = "<group>"; };
		F8ED9F131448BDF900DCBB3F /* ObjectiveCSlimAppDelegate.m */ = {isa = PBXFileReference; lastKnownFileType = sourcecode.c.objc; path = ObjectiveCSlimAppDelegate.m; sourceTree = "<group>"; };
		F8ED9F161448BDF900DCBB3F /* en */ = {isa = PBXFileReference; lastKnownFileType = file.xib; name = en; path = en.lproj/MainMenu.xib; sourceTree = "<group>"; };
		F8ED9F2E1448BE3200DCBB3F /* AcceptanceTest.app */ = {isa = PBXFileReference; explicitFileType = wrapper.application; includeInIndex = 0; path = AcceptanceTest.app; sourceTree = BUILT_PRODUCTS_DIR; };
		F8ED9F321448BE7200DCBB3F /* ListExecutor.c */ = {isa = PBXFileReference; fileEncoding = 4; lastKnownFileType = sourcecode.c.c; path = ListExecutor.c; sourceTree = "<group>"; };
		F8ED9F331448BE7200DCBB3F /* Slim.c */ = {isa = PBXFileReference; fileEncoding = 4; lastKnownFileType = sourcecode.c.c; path = Slim.c; sourceTree = "<group>"; };
		F8ED9F341448BE7200DCBB3F /* SlimConnectionHandler.c */ = {isa = PBXFileReference; fileEncoding = 4; lastKnownFileType = sourcecode.c.c; path = SlimConnectionHandler.c; sourceTree = "<group>"; };
		F8ED9F351448BE7200DCBB3F /* SlimList.c */ = {isa = PBXFileReference; fileEncoding = 4; lastKnownFileType = sourcecode.c.c; path = SlimList.c; sourceTree = "<group>"; };
		F8ED9F361448BE7200DCBB3F /* SlimListDeserializer.c */ = {isa = PBXFileReference; fileEncoding = 4; lastKnownFileType = sourcecode.c.c; path = SlimListDeserializer.c; sourceTree = "<group>"; };
		F8ED9F371448BE7200DCBB3F /* SlimListSerializer.c */ = {isa = PBXFileReference; fileEncoding = 4; lastKnownFileType = sourcecode.c.c; path = SlimListSerializer.c; sourceTree = "<group>"; };
		F8ED9F381448BE7200DCBB3F /* SlimUtil.c */ = {isa = PBXFileReference; fileEncoding = 4; lastKnownFileType = sourcecode.c.c; path = SlimUtil.c; sourceTree = "<group>"; };
		F8ED9F391448BE7200DCBB3F /* StatementExecutor.c */ = {isa = PBXFileReference; fileEncoding = 4; lastKnownFileType = sourcecode.c.c; path = StatementExecutor.c; sourceTree = "<group>"; };
		F8ED9F3A1448BE7200DCBB3F /* SymbolTable.c */ = {isa = PBXFileReference; fileEncoding = 4; lastKnownFileType = sourcecode.c.c; path = SymbolTable.c; sourceTree = "<group>"; };
		F8ED9F441448BE8100DCBB3F /* SocketServer.c */ = {isa = PBXFileReference; fileEncoding = 4; lastKnownFileType = sourcecode.c.c; path = SocketServer.c; sourceTree = "<group>"; };
		F8ED9F451448BE8100DCBB3F /* TcpComLink.c */ = {isa = PBXFileReference; fileEncoding = 4; lastKnownFileType = sourcecode.c.c; path = TcpComLink.c; sourceTree = "<group>"; };
		F8ED9F481448BE9A00DCBB3F /* Fixtures.h */ = {isa = PBXFileReference; fileEncoding = 4; lastKnownFileType = sourcecode.c.h; path = Fixtures.h; sourceTree = "<group>"; };
		F8ED9F491448BE9A00DCBB3F /* ListExecutor.h */ = {isa = PBXFileReference; fileEncoding = 4; lastKnownFileType = sourcecode.c.h; path = ListExecutor.h; sourceTree = "<group>"; };
		F8ED9F4A1448BE9A00DCBB3F /* Slim.h */ = {isa = PBXFileReference; fileEncoding = 4; lastKnownFileType = sourcecode.c.h; path = Slim.h; sourceTree = "<group>"; };
		F8ED9F4B1448BE9A00DCBB3F /* SlimConnectionHandler.h */ = {isa = PBXFileReference; fileEncoding = 4; lastKnownFileType = sourcecode.c.h; path = SlimConnectionHandler.h; sourceTree = "<group>"; };
		F8ED9F4C1448BE9A00DCBB3F /* SlimList.h */ = {isa = PBXFileReference; fileEncoding = 4; lastKnownFileType = sourcecode.c.h; path = SlimList.h; sourceTree = "<group>"; };
		F8ED9F4D1448BE9A00DCBB3F /* SlimListDeserializer.h */ = {isa = PBXFileReference; fileEncoding = 4; lastKnownFileType = sourcecode.c.h; path = SlimListDeserializer.h; sourceTree = "<group>"; };
		F8ED9F4E1448BE9A00DCBB3F /* SlimListSerializer.h */ = {isa = PBXFileReference; fileEncoding = 4; lastKnownFileType = sourcecode.c.h; path = SlimListSerializer.h; sourceTree = "<group>"; };
		F8ED9F4F1448BE9A00DCBB3F /* SlimUtil.h */ = {isa = PBXFileReference; fileEncoding = 4; lastKnownFileType = sourcecode.c.h; path = SlimUtil.h; sourceTree = "<group>"; };
		F8ED9F501448BE9A00DCBB3F /* StatementExecutor.h */ = {isa = PBXFileReference; fileEncoding = 4; lastKnownFileType = sourcecode.c.h; path = StatementExecutor.h; sourceTree = "<group>"; };
		F8ED9F511448BE9A00DCBB3F /* SymbolTable.h */ = {isa = PBXFileReference; fileEncoding = 4; lastKnownFileType = sourcecode.c.h; path = SymbolTable.h; sourceTree = "<group>"; };
		F8ED9F521448BEA700DCBB3F /* SocketServer.h */ = {isa = PBXFileReference; fileEncoding = 4; lastKnownFileType = sourcecode.c.h; path = SocketServer.h; sourceTree = "<group>"; };
		F8ED9F531448BEA700DCBB3F /* TcpComLink.h */ = {isa = PBXFileReference; fileEncoding = 4; lastKnownFileType = sourcecode.c.h; path = TcpComLink.h; sourceTree = "<group>"; };
/* End PBXFileReference section */

/* Begin PBXFrameworksBuildPhase section */
		F8A425AD145208CC00FD4ECA /* Frameworks */ = {
			isa = PBXFrameworksBuildPhase;
			buildActionMask = 2147483647;
			files = (
				F8A425F2145209F800FD4ECA /* UIKit.framework in Frameworks */,
				F8A425B5145208CC00FD4ECA /* Foundation.framework in Frameworks */,
			);
			runOnlyForDeploymentPostprocessing = 0;
		};
		F8ED9EF91448BDF900DCBB3F /* Frameworks */ = {
			isa = PBXFrameworksBuildPhase;
			buildActionMask = 2147483647;
			files = (
				F8ED9F011448BDF900DCBB3F /* Cocoa.framework in Frameworks */,
			);
			runOnlyForDeploymentPostprocessing = 0;
		};
		F8ED9F251448BE3200DCBB3F /* Frameworks */ = {
			isa = PBXFrameworksBuildPhase;
			buildActionMask = 2147483647;
			files = (
				F8ED9F261448BE3200DCBB3F /* Cocoa.framework in Frameworks */,
			);
			runOnlyForDeploymentPostprocessing = 0;
		};
/* End PBXFrameworksBuildPhase section */

/* Begin PBXGroup section */
		F873F3CF1448BEF300FFCA02 /* Fixtures */ = {
			isa = PBXGroup;
			children = (
				F81ADAC71448F2C500BC821A /* ScriptTableExample.m */,
				F873F3D71448C5F100FFCA02 /* fitnesse.jar */,
				F873F3D31448BF2800FFCA02 /* DecisionTableExample.c */,
				F873F3D11448BF0700FFCA02 /* Fixtures.m */,
				F873F3D51448BF4F00FFCA02 /* Main.c */,
				F873F3D81448C6BC00FFCA02 /* AdderFixture.m */,
				F81ADAC91449CA8600BC821A /* ObjAdderFixture.h */,
				F81ADACA1449CA8600BC821A /* ObjAdderFixture.m */,
				F8543DA514671E11001FC9E6 /* Count.h */,
				F8543DA614671E11001FC9E6 /* Count.m */,
			);
			name = Fixtures;
			sourceTree = "<group>";
		};
		F8A425B8145208CC00FD4ECA /* OCDSpec */ = {
			isa = PBXGroup;
			children = (
				F8A425EF145209A000FD4ECA /* unitTestMain.m */,
				F8A425D51452098500FD4ECA /* iPhone-Prefix.pch */,
				F8A425D61452098500FD4ECA /* OCDSpec.h */,
				F8A425D71452098500FD4ECA /* OCDSpecDescription.h */,
				F8A425D81452098500FD4ECA /* OCDSpecDescription.m */,
				F8A425D91452098500FD4ECA /* OCDSpecDescriptionRunner.h */,
				F8A425DA1452098500FD4ECA /* OCDSpecDescriptionRunner.m */,
				F8A425DB1452098500FD4ECA /* OCDSpecExample.h */,
				F8A425DC1452098500FD4ECA /* OCDSpecExample.m */,
				F8A425DD1452098500FD4ECA /* OCDSpecExpectation.h */,
				F8A425DE1452098500FD4ECA /* OCDSpecExpectation.m */,
				F8A425DF1452098500FD4ECA /* OCDSpecFail.h */,
				F8A425E01452098500FD4ECA /* OCDSpecFail.m */,
				F8A425E11452098500FD4ECA /* OCDSpecOutputter.h */,
				F8A425E21452098500FD4ECA /* OCDSpecOutputter.m */,
				F8A425E31452098500FD4ECA /* OCDSpecOutputter+RedirectOutput.h */,
				F8A425E41452098500FD4ECA /* OCDSpecOutputter+RedirectOutput.m */,
				F8A425E51452098500FD4ECA /* OCDSpecSharedResults.h */,
				F8A425E61452098500FD4ECA /* OCDSpecSharedResults.m */,
				F8A425B9145208CC00FD4ECA /* Supporting Files */,
			);
			name = OCDSpec;
			path = Specs;
			sourceTree = "<group>";
		};
		F8A425B9145208CC00FD4ECA /* Supporting Files */ = {
			isa = PBXGroup;
			children = (
				F8A425BE145208CD00FD4ECA /* Specs-Prefix.pch */,
			);
			name = "Supporting Files";
			sourceTree = "<group>";
		};
		F8A425F41452110700FD4ECA /* Specs */ = {
			isa = PBXGroup;
			children = (
				F8A426031452130900FD4ECA /* StatementExecutorSpec.m */,
				F8E09F6214521AF300C33534 /* TestSlim.h */,
				F8E09F6314521AF300C33534 /* TestSlim.m */,
			);
			name = Specs;
			sourceTree = "<group>";
		};
		F8ED9EF11448BDF900DCBB3F = {
			isa = PBXGroup;
			children = (
				F8A425B8145208CC00FD4ECA /* OCDSpec */,
				F8ED9F311448BE4B00DCBB3F /* cslim */,
				F8A425F1145209F800FD4ECA /* UIKit.framework */,
				F873F3CF1448BEF300FFCA02 /* Fixtures */,
				F8ED9F061448BDF900DCBB3F /* ObjectiveCSlim */,
				F8A425F41452110700FD4ECA /* Specs */,
				F8ED9EFF1448BDF900DCBB3F /* Frameworks */,
				F8ED9EFD1448BDF900DCBB3F /* Products */,
			);
			sourceTree = "<group>";
		};
		F8ED9EFD1448BDF900DCBB3F /* Products */ = {
			isa = PBXGroup;
			children = (
				F8ED9EFC1448BDF900DCBB3F /* ObjectiveCSlim.app */,
				F8ED9F2E1448BE3200DCBB3F /* AcceptanceTest.app */,
				F8A425B0145208CC00FD4ECA /* Specs.app */,
			);
			name = Products;
			sourceTree = "<group>";
		};
		F8ED9EFF1448BDF900DCBB3F /* Frameworks */ = {
			isa = PBXGroup;
			children = (
				F8ED9F001448BDF900DCBB3F /* Cocoa.framework */,
				F8A425B2145208CC00FD4ECA /* UIKit.framework */,
				F8A425B4145208CC00FD4ECA /* Foundation.framework */,
				F8A425B6145208CC00FD4ECA /* CoreGraphics.framework */,
				F8ED9F021448BDF900DCBB3F /* Other Frameworks */,
			);
			name = Frameworks;
			sourceTree = "<group>";
		};
		F8ED9F021448BDF900DCBB3F /* Other Frameworks */ = {
			isa = PBXGroup;
			children = (
				F8ED9F031448BDF900DCBB3F /* AppKit.framework */,
				F8ED9F041448BDF900DCBB3F /* CoreData.framework */,
				F8ED9F051448BDF900DCBB3F /* Foundation.framework */,
			);
			name = "Other Frameworks";
			sourceTree = "<group>";
		};
		F8ED9F061448BDF900DCBB3F /* ObjectiveCSlim */ = {
			isa = PBXGroup;
			children = (
				F8ED9F121448BDF900DCBB3F /* ObjectiveCSlimAppDelegate.h */,
				F8ED9F131448BDF900DCBB3F /* ObjectiveCSlimAppDelegate.m */,
				F8ED9F151448BDF900DCBB3F /* MainMenu.xib */,
				F8ED9F071448BDF900DCBB3F /* Supporting Files */,
				F82102471448DF420086919F /* Adder.h */,
				F82102481448DF420086919F /* Adder.m */,
			);
			path = ObjectiveCSlim;
			sourceTree = "<group>";
		};
		F8ED9F071448BDF900DCBB3F /* Supporting Files */ = {
			isa = PBXGroup;
			children = (
				F8ED9F081448BDF900DCBB3F /* ObjectiveCSlim-Info.plist */,
				F8ED9F091448BDF900DCBB3F /* InfoPlist.strings */,
				F8ED9F0C1448BDF900DCBB3F /* ObjectiveCSlim-Prefix.pch */,
				F8ED9F0D1448BDF900DCBB3F /* main.m */,
				F8ED9F0F1448BDF900DCBB3F /* Credits.rtf */,
			);
			name = "Supporting Files";
			sourceTree = "<group>";
		};
		F8ED9F311448BE4B00DCBB3F /* cslim */ = {
			isa = PBXGroup;
			children = (
				F8ED9F521448BEA700DCBB3F /* SocketServer.h */,
				F8ED9F531448BEA700DCBB3F /* TcpComLink.h */,
				F8ED9F481448BE9A00DCBB3F /* Fixtures.h */,
				F8ED9F491448BE9A00DCBB3F /* ListExecutor.h */,
				F8ED9F4A1448BE9A00DCBB3F /* Slim.h */,
				F8ED9F4B1448BE9A00DCBB3F /* SlimConnectionHandler.h */,
				F8ED9F4C1448BE9A00DCBB3F /* SlimList.h */,
				F8ED9F4D1448BE9A00DCBB3F /* SlimListDeserializer.h */,
				F8ED9F4E1448BE9A00DCBB3F /* SlimListSerializer.h */,
				F8ED9F4F1448BE9A00DCBB3F /* SlimUtil.h */,
				F8ED9F501448BE9A00DCBB3F /* StatementExecutor.h */,
				F8ED9F511448BE9A00DCBB3F /* SymbolTable.h */,
				F8ED9F441448BE8100DCBB3F /* SocketServer.c */,
				F8ED9F451448BE8100DCBB3F /* TcpComLink.c */,
				F8ED9F321448BE7200DCBB3F /* ListExecutor.c */,
				F8ED9F331448BE7200DCBB3F /* Slim.c */,
				F8ED9F341448BE7200DCBB3F /* SlimConnectionHandler.c */,
				F8ED9F351448BE7200DCBB3F /* SlimList.c */,
				F8ED9F361448BE7200DCBB3F /* SlimListDeserializer.c */,
				F8ED9F371448BE7200DCBB3F /* SlimListSerializer.c */,
				F8ED9F381448BE7200DCBB3F /* SlimUtil.c */,
				F8ED9F391448BE7200DCBB3F /* StatementExecutor.c */,
				F8ED9F3A1448BE7200DCBB3F /* SymbolTable.c */,
				F8E09F601452189900C33534 /* StatementExecutor.m */,
			);
			name = cslim;
			sourceTree = "<group>";
		};
/* End PBXGroup section */

/* Begin PBXNativeTarget section */
		F8A425AF145208CC00FD4ECA /* Specs */ = {
			isa = PBXNativeTarget;
			buildConfigurationList = F8A425D2145208CD00FD4ECA /* Build configuration list for PBXNativeTarget "Specs" */;
			buildPhases = (
				F8A425AC145208CC00FD4ECA /* Sources */,
				F8A425AD145208CC00FD4ECA /* Frameworks */,
				F8A425AE145208CC00FD4ECA /* Resources */,
				F8A425F314520A0600FD4ECA /* ShellScript */,
			);
			buildRules = (
			);
			dependencies = (
			);
			name = Specs;
			productName = Specs;
			productReference = F8A425B0145208CC00FD4ECA /* Specs.app */;
			productType = "com.apple.product-type.application";
		};
		F8ED9EFB1448BDF900DCBB3F /* ObjectiveCSlim */ = {
			isa = PBXNativeTarget;
			buildConfigurationList = F8ED9F1A1448BDF900DCBB3F /* Build configuration list for PBXNativeTarget "ObjectiveCSlim" */;
			buildPhases = (
				F8ED9EF81448BDF900DCBB3F /* Sources */,
				F8ED9EF91448BDF900DCBB3F /* Frameworks */,
				F8ED9EFA1448BDF900DCBB3F /* Resources */,
			);
			buildRules = (
			);
			dependencies = (
			);
			name = ObjectiveCSlim;
			productName = ObjectiveCSlim;
			productReference = F8ED9EFC1448BDF900DCBB3F /* ObjectiveCSlim.app */;
			productType = "com.apple.product-type.application";
		};
		F8ED9F211448BE3200DCBB3F /* AcceptanceTest */ = {
			isa = PBXNativeTarget;
			buildConfigurationList = F8ED9F2B1448BE3200DCBB3F /* Build configuration list for PBXNativeTarget "AcceptanceTest" */;
			buildPhases = (
				F8ED9F221448BE3200DCBB3F /* Sources */,
				F8ED9F251448BE3200DCBB3F /* Frameworks */,
				F8ED9F271448BE3200DCBB3F /* Resources */,
			);
			buildRules = (
			);
			dependencies = (
			);
			name = AcceptanceTest;
			productName = ObjectiveCSlim;
			productReference = F8ED9F2E1448BE3200DCBB3F /* AcceptanceTest.app */;
			productType = "com.apple.product-type.application";
		};
/* End PBXNativeTarget section */

/* Begin PBXProject section */
		F8ED9EF31448BDF900DCBB3F /* Project object */ = {
			isa = PBXProject;
			buildConfigurationList = F8ED9EF61448BDF900DCBB3F /* Build configuration list for PBXProject "ObjectiveCSlim" */;
			compatibilityVersion = "Xcode 3.2";
			developmentRegion = English;
			hasScannedForEncodings = 0;
			knownRegions = (
				en,
			);
			mainGroup = F8ED9EF11448BDF900DCBB3F;
			productRefGroup = F8ED9EFD1448BDF900DCBB3F /* Products */;
			projectDirPath = "";
			projectRoot = "";
			targets = (
				F8ED9EFB1448BDF900DCBB3F /* ObjectiveCSlim */,
				F8ED9F211448BE3200DCBB3F /* AcceptanceTest */,
				F8A425AF145208CC00FD4ECA /* Specs */,
			);
		};
/* End PBXProject section */

/* Begin PBXResourcesBuildPhase section */
		F8A425AE145208CC00FD4ECA /* Resources */ = {
			isa = PBXResourcesBuildPhase;
			buildActionMask = 2147483647;
			files = (
			);
			runOnlyForDeploymentPostprocessing = 0;
		};
		F8ED9EFA1448BDF900DCBB3F /* Resources */ = {
			isa = PBXResourcesBuildPhase;
			buildActionMask = 2147483647;
			files = (
				F8ED9F0B1448BDF900DCBB3F /* InfoPlist.strings in Resources */,
				F8ED9F111448BDF900DCBB3F /* Credits.rtf in Resources */,
				F8ED9F171448BDF900DCBB3F /* MainMenu.xib in Resources */,
			);
			runOnlyForDeploymentPostprocessing = 0;
		};
		F8ED9F271448BE3200DCBB3F /* Resources */ = {
			isa = PBXResourcesBuildPhase;
			buildActionMask = 2147483647;
			files = (
				F8ED9F281448BE3200DCBB3F /* InfoPlist.strings in Resources */,
				F8ED9F291448BE3200DCBB3F /* Credits.rtf in Resources */,
				F8ED9F2A1448BE3200DCBB3F /* MainMenu.xib in Resources */,
			);
			runOnlyForDeploymentPostprocessing = 0;
		};
/* End PBXResourcesBuildPhase section */

/* Begin PBXShellScriptBuildPhase section */
		F8A425F314520A0600FD4ECA /* ShellScript */ = {
			isa = PBXShellScriptBuildPhase;
			buildActionMask = 2147483647;
			files = (
			);
			inputPaths = (
			);
			outputPaths = (
			);
			runOnlyForDeploymentPostprocessing = 0;
			shellPath = /bin/sh;
			shellScript = ./OCDSpec/OCDSpec/Programs/RunIPhoneUnitTest.sh;
		};
/* End PBXShellScriptBuildPhase section */

/* Begin PBXSourcesBuildPhase section */
		F8A425AC145208CC00FD4ECA /* Sources */ = {
			isa = PBXSourcesBuildPhase;
			buildActionMask = 2147483647;
			files = (
				F8A425E71452098500FD4ECA /* OCDSpecDescription.m in Sources */,
				F8A425E81452098500FD4ECA /* OCDSpecDescriptionRunner.m in Sources */,
				F8A425E91452098500FD4ECA /* OCDSpecExample.m in Sources */,
				F8A425EA1452098500FD4ECA /* OCDSpecExpectation.m in Sources */,
				F8A425EB1452098500FD4ECA /* OCDSpecFail.m in Sources */,
				F8A425EC1452098500FD4ECA /* OCDSpecOutputter.m in Sources */,
				F8A425ED1452098500FD4ECA /* OCDSpecOutputter+RedirectOutput.m in Sources */,
				F8A425EE1452098500FD4ECA /* OCDSpecSharedResults.m in Sources */,
				F8A425F0145209A000FD4ECA /* unitTestMain.m in Sources */,
				F8A426041452130900FD4ECA /* StatementExecutorSpec.m in Sources */,
				F8E09F541452185700C33534 /* SocketServer.c in Sources */,
				F8E09F551452185700C33534 /* TcpComLink.c in Sources */,
				F8E09F561452185700C33534 /* ListExecutor.c in Sources */,
				F8E09F571452185700C33534 /* Slim.c in Sources */,
				F8E09F581452185700C33534 /* SlimConnectionHandler.c in Sources */,
				F8E09F591452185700C33534 /* SlimList.c in Sources */,
				F8E09F5A1452185700C33534 /* SlimListDeserializer.c in Sources */,
				F8E09F5B1452185700C33534 /* SlimListSerializer.c in Sources */,
				F8E09F5C1452185700C33534 /* SlimUtil.c in Sources */,
				F8E09F5E1452185700C33534 /* SymbolTable.c in Sources */,
				F8E09F611452189900C33534 /* StatementExecutor.m in Sources */,
				F8E09F6414521AF300C33534 /* TestSlim.m in Sources */,
				F8543DA814672929001FC9E6 /* Fixtures.m in Sources */,
			);
			runOnlyForDeploymentPostprocessing = 0;
		};
		F8ED9EF81448BDF900DCBB3F /* Sources */ = {
			isa = PBXSourcesBuildPhase;
			buildActionMask = 2147483647;
			files = (
				F8ED9F0E1448BDF900DCBB3F /* main.m in Sources */,
				F8ED9F141448BDF900DCBB3F /* ObjectiveCSlimAppDelegate.m in Sources */,
				F82102491448DF420086919F /* Adder.m in Sources */,
			);
			runOnlyForDeploymentPostprocessing = 0;
		};
		F8ED9F221448BE3200DCBB3F /* Sources */ = {
			isa = PBXSourcesBuildPhase;
			buildActionMask = 2147483647;
			files = (
				F8ED9F241448BE3200DCBB3F /* ObjectiveCSlimAppDelegate.m in Sources */,
				F8ED9F3B1448BE7200DCBB3F /* ListExecutor.c in Sources */,
				F8ED9F3C1448BE7200DCBB3F /* Slim.c in Sources */,
				F8ED9F3D1448BE7200DCBB3F /* SlimConnectionHandler.c in Sources */,
				F8ED9F3E1448BE7200DCBB3F /* SlimList.c in Sources */,
				F8ED9F3F1448BE7200DCBB3F /* SlimListDeserializer.c in Sources */,
				F8ED9F401448BE7200DCBB3F /* SlimListSerializer.c in Sources */,
				F8ED9F411448BE7200DCBB3F /* SlimUtil.c in Sources */,
				F8ED9F431448BE7200DCBB3F /* SymbolTable.c in Sources */,
				F8ED9F461448BE8100DCBB3F /* SocketServer.c in Sources */,
				F8ED9F471448BE8100DCBB3F /* TcpComLink.c in Sources */,
				F873F3D21448BF0700FFCA02 /* Fixtures.m in Sources */,
				F873F3D41448BF2800FFCA02 /* DecisionTableExample.c in Sources */,
				F873F3D61448BF4F00FFCA02 /* Main.c in Sources */,
				F873F3DA1448C6BC00FFCA02 /* AdderFixture.m in Sources */,
				F821024A1448DF420086919F /* Adder.m in Sources */,
				F81ADAC81448F2C500BC821A /* ScriptTableExample.m in Sources */,
				F81ADACB1449CA8600BC821A /* ObjAdderFixture.m in Sources */,
				F8543DA4146711FB001FC9E6 /* StatementExecutor.m in Sources */,
				F8543DA714671E11001FC9E6 /* Count.m in Sources */,
			);
			runOnlyForDeploymentPostprocessing = 0;
		};
/* End PBXSourcesBuildPhase section */

/* Begin PBXVariantGroup section */
		F8ED9F091448BDF900DCBB3F /* InfoPlist.strings */ = {
			isa = PBXVariantGroup;
			children = (
				F8ED9F0A1448BDF900DCBB3F /* en */,
			);
			name = InfoPlist.strings;
			sourceTree = "<group>";
		};
		F8ED9F0F1448BDF900DCBB3F /* Credits.rtf */ = {
			isa = PBXVariantGroup;
			children = (
				F8ED9F101448BDF900DCBB3F /* en */,
			);
			name = Credits.rtf;
			sourceTree = "<group>";
		};
		F8ED9F151448BDF900DCBB3F /* MainMenu.xib */ = {
			isa = PBXVariantGroup;
			children = (
				F8ED9F161448BDF900DCBB3F /* en */,
			);
			name = MainMenu.xib;
			sourceTree = "<group>";
		};
/* End PBXVariantGroup section */

/* Begin XCBuildConfiguration section */
		F8A425D3145208CD00FD4ECA /* Debug */ = {
			isa = XCBuildConfiguration;
			buildSettings = {
				ALWAYS_SEARCH_USER_PATHS = NO;
				ARCHS = "$(ARCHS_STANDARD_32_BIT)";
				"CODE_SIGN_IDENTITY[sdk=iphoneos*]" = "iPhone Developer";
				COPY_PHASE_STRIP = NO;
				GCC_DYNAMIC_NO_PIC = NO;
				GCC_PRECOMPILE_PREFIX_HEADER = YES;
				GCC_PREFIX_HEADER = "Specs/Specs-Prefix.pch";
				GCC_VERSION = com.apple.compilers.llvmgcc42;
				HEADER_SEARCH_PATHS = "${SRCROOT}/OCDSpec";
				INFOPLIST_FILE = "";
				IPHONEOS_DEPLOYMENT_TARGET = 4.3;
				PRODUCT_NAME = "$(TARGET_NAME)";
				SDKROOT = iphoneos;
				TARGETED_DEVICE_FAMILY = "1,2";
				WRAPPER_EXTENSION = app;
			};
			name = Debug;
		};
		F8A425D4145208CD00FD4ECA /* Release */ = {
			isa = XCBuildConfiguration;
			buildSettings = {
				ALWAYS_SEARCH_USER_PATHS = NO;
				ARCHS = "$(ARCHS_STANDARD_32_BIT)";
				"CODE_SIGN_IDENTITY[sdk=iphoneos*]" = "iPhone Developer";
				COPY_PHASE_STRIP = YES;
				GCC_PRECOMPILE_PREFIX_HEADER = YES;
				GCC_PREFIX_HEADER = "Specs/Specs-Prefix.pch";
				GCC_VERSION = com.apple.compilers.llvmgcc42;
				HEADER_SEARCH_PATHS = "${SRCROOT}/OCDSpec";
				INFOPLIST_FILE = "";
				IPHONEOS_DEPLOYMENT_TARGET = 4.3;
				OTHER_CFLAGS = "-DNS_BLOCK_ASSERTIONS=1";
				PRODUCT_NAME = "$(TARGET_NAME)";
				SDKROOT = iphoneos;
				TARGETED_DEVICE_FAMILY = "1,2";
				VALIDATE_PRODUCT = YES;
				WRAPPER_EXTENSION = app;
			};
			name = Release;
		};
		F8ED9F181448BDF900DCBB3F /* Debug */ = {
			isa = XCBuildConfiguration;
			buildSettings = {
				ARCHS = "$(ARCHS_STANDARD_32_64_BIT)";
				GCC_C_LANGUAGE_STANDARD = gnu99;
				GCC_OPTIMIZATION_LEVEL = 0;
				GCC_PREPROCESSOR_DEFINITIONS = DEBUG;
				GCC_SYMBOLS_PRIVATE_EXTERN = NO;
				GCC_VERSION = com.apple.compilers.llvm.clang.1_0;
				GCC_WARN_64_TO_32_BIT_CONVERSION = YES;
				GCC_WARN_ABOUT_RETURN_TYPE = YES;
				GCC_WARN_UNUSED_VARIABLE = YES;
				MACOSX_DEPLOYMENT_TARGET = 10.6;
				ONLY_ACTIVE_ARCH = YES;
				SDKROOT = macosx;
			};
			name = Debug;
		};
		F8ED9F191448BDF900DCBB3F /* Release */ = {
			isa = XCBuildConfiguration;
			buildSettings = {
				ARCHS = "$(ARCHS_STANDARD_32_64_BIT)";
				GCC_C_LANGUAGE_STANDARD = gnu99;
				GCC_VERSION = com.apple.compilers.llvm.clang.1_0;
				GCC_WARN_64_TO_32_BIT_CONVERSION = YES;
				GCC_WARN_ABOUT_RETURN_TYPE = YES;
				GCC_WARN_UNUSED_VARIABLE = YES;
				MACOSX_DEPLOYMENT_TARGET = 10.6;
				SDKROOT = macosx;
			};
			name = Release;
		};
		F8ED9F1B1448BDF900DCBB3F /* Debug */ = {
			isa = XCBuildConfiguration;
			buildSettings = {
				ALWAYS_SEARCH_USER_PATHS = NO;
				COPY_PHASE_STRIP = NO;
				GCC_DYNAMIC_NO_PIC = NO;
				GCC_ENABLE_OBJC_EXCEPTIONS = YES;
				GCC_PRECOMPILE_PREFIX_HEADER = YES;
				GCC_PREFIX_HEADER = "ObjectiveCSlim/ObjectiveCSlim-Prefix.pch";
				INFOPLIST_FILE = "ObjectiveCSlim/ObjectiveCSlim-Info.plist";
				PRODUCT_NAME = "$(TARGET_NAME)";
				WRAPPER_EXTENSION = app;
			};
			name = Debug;
		};
		F8ED9F1C1448BDF900DCBB3F /* Release */ = {
			isa = XCBuildConfiguration;
			buildSettings = {
				ALWAYS_SEARCH_USER_PATHS = NO;
				COPY_PHASE_STRIP = YES;
				DEBUG_INFORMATION_FORMAT = "dwarf-with-dsym";
				GCC_ENABLE_OBJC_EXCEPTIONS = YES;
				GCC_PRECOMPILE_PREFIX_HEADER = YES;
				GCC_PREFIX_HEADER = "ObjectiveCSlim/ObjectiveCSlim-Prefix.pch";
				INFOPLIST_FILE = "ObjectiveCSlim/ObjectiveCSlim-Info.plist";
				PRODUCT_NAME = "$(TARGET_NAME)";
				WRAPPER_EXTENSION = app;
			};
			name = Release;
		};
		F8ED9F2C1448BE3200DCBB3F /* Debug */ = {
			isa = XCBuildConfiguration;
			buildSettings = {
				ALWAYS_SEARCH_USER_PATHS = NO;
				COPY_PHASE_STRIP = NO;
				GCC_DYNAMIC_NO_PIC = NO;
				GCC_ENABLE_OBJC_EXCEPTIONS = YES;
				GCC_PRECOMPILE_PREFIX_HEADER = YES;
				GCC_PREFIX_HEADER = "ObjectiveCSlim/ObjectiveCSlim-Prefix.pch";
				INFOPLIST_FILE = "ObjectiveCSlim/ObjectiveCSlim-Info.plist";
				PRODUCT_NAME = AcceptanceTest;
				WRAPPER_EXTENSION = app;
			};
			name = Debug;
		};
		F8ED9F2D1448BE3200DCBB3F /* Release */ = {
			isa = XCBuildConfiguration;
			buildSettings = {
				ALWAYS_SEARCH_USER_PATHS = NO;
				COPY_PHASE_STRIP = YES;
				DEBUG_INFORMATION_FORMAT = "dwarf-with-dsym";
				GCC_ENABLE_OBJC_EXCEPTIONS = YES;
				GCC_PRECOMPILE_PREFIX_HEADER = YES;
				GCC_PREFIX_HEADER = "ObjectiveCSlim/ObjectiveCSlim-Prefix.pch";
				INFOPLIST_FILE = "ObjectiveCSlim/ObjectiveCSlim-Info.plist";
				PRODUCT_NAME = AcceptanceTest;
				WRAPPER_EXTENSION = app;
			};
			name = Release;
		};
/* End XCBuildConfiguration section */

/* Begin XCConfigurationList section */
		F8A425D2145208CD00FD4ECA /* Build configuration list for PBXNativeTarget "Specs" */ = {
			isa = XCConfigurationList;
			buildConfigurations = (
				F8A425D3145208CD00FD4ECA /* Debug */,
				F8A425D4145208CD00FD4ECA /* Release */,
			);
			defaultConfigurationIsVisible = 0;
			defaultConfigurationName = Release;
		};
		F8ED9EF61448BDF900DCBB3F /* Build configuration list for PBXProject "ObjectiveCSlim" */ = {
			isa = XCConfigurationList;
			buildConfigurations = (
				F8ED9F181448BDF900DCBB3F /* Debug */,
				F8ED9F191448BDF900DCBB3F /* Release */,
			);
			defaultConfigurationIsVisible = 0;
			defaultConfigurationName = Release;
		};
		F8ED9F1A1448BDF900DCBB3F /* Build configuration list for PBXNativeTarget "ObjectiveCSlim" */ = {
			isa = XCConfigurationList;
			buildConfigurations = (
				F8ED9F1B1448BDF900DCBB3F /* Debug */,
				F8ED9F1C1448BDF900DCBB3F /* Release */,
			);
			defaultConfigurationIsVisible = 0;
			defaultConfigurationName = Release;
		};
		F8ED9F2B1448BE3200DCBB3F /* Build configuration list for PBXNativeTarget "AcceptanceTest" */ = {
			isa = XCConfigurationList;
			buildConfigurations = (
				F8ED9F2C1448BE3200DCBB3F /* Debug */,
				F8ED9F2D1448BE3200DCBB3F /* Release */,
			);
			defaultConfigurationIsVisible = 0;
			defaultConfigurationName = Release;
		};
/* End XCConfigurationList section */
	};
	rootObject = F8ED9EF31448BDF900DCBB3F /* Project object */;
}
