// !$*UTF8*$!
{
	archiveVersion = 1;
	classes = {
	};
	objectVersion = 46;
	objects = {

/* Begin PBXAggregateTarget section */
		07381AEB15ADAF63000B0A38 /* AllTests */ = {
			isa = PBXAggregateTarget;
			buildConfigurationList = 07381AEE15ADAF63000B0A38 /* Build configuration list for PBXAggregateTarget "AllTests" */;
			buildPhases = (
			);
			dependencies = (
				07F1C36E15D9B80700ECBC7F /* PBXTargetDependency */,
				07F1C37015D9B80700ECBC7F /* PBXTargetDependency */,
				07381AF115ADAF73000B0A38 /* PBXTargetDependency */,
				07381AF515ADAF73000B0A38 /* PBXTargetDependency */,
			);
			name = AllTests;
			productName = AllTests;
		};
/* End PBXAggregateTarget section */

/* Begin PBXBuildFile section */
		072E0CF315A11FBD009615B6 /* UIKit.framework in Frameworks */ = {isa = PBXBuildFile; fileRef = 072E0CED15A11F8F009615B6 /* UIKit.framework */; };
		072E0CF615A1213C009615B6 /* Foundation.framework in Frameworks */ = {isa = PBXBuildFile; fileRef = F8A425B4145208CC00FD4ECA /* Foundation.framework */; };
		07F1C2F315D9B17000ECBC7F /* Cocoa.framework in Frameworks */ = {isa = PBXBuildFile; fileRef = F8ED9F001448BDF900DCBB3F /* Cocoa.framework */; };
		07F1C2F615D9B17000ECBC7F /* main.m in Sources */ = {isa = PBXBuildFile; fileRef = 07F1C2F515D9B17000ECBC7F /* main.m */; };
		07F1C2FD15D9B1DB00ECBC7F /* libSpecKitMac.a in Frameworks */ = {isa = PBXBuildFile; fileRef = 0795B2CD15D9A1DE000D3DD4 /* libSpecKitMac.a */; };
		07F1C2FE15D9B1E300ECBC7F /* StatementExecutorSpecKit.m in Sources */ = {isa = PBXBuildFile; fileRef = 07F1C2CA15D9A26D00ECBC7F /* StatementExecutorSpecKit.m */; settings = {COMPILER_FLAGS = "-fno-objc-arc"; }; };
		07F1C31B15D9B3B400ECBC7F /* ListExecutor.c in Sources */ = {isa = PBXBuildFile; fileRef = F8FC52C414AE47A500D714B4 /* ListExecutor.c */; };
		07F1C31C15D9B3B400ECBC7F /* Slim.c in Sources */ = {isa = PBXBuildFile; fileRef = F8FC52C514AE47A500D714B4 /* Slim.c */; };
		07F1C31D15D9B3B400ECBC7F /* OCSReturnValue.m in Sources */ = {isa = PBXBuildFile; fileRef = F88745C014F8628C003D2B3F /* OCSReturnValue.m */; settings = {COMPILER_FLAGS = "-fno-objc-arc"; }; };
		07F1C31E15D9B3B400ECBC7F /* SlimConnectionHandler.c in Sources */ = {isa = PBXBuildFile; fileRef = F8FC52C614AE47A500D714B4 /* SlimConnectionHandler.c */; };
		07F1C31F15D9B3B400ECBC7F /* SlimList.c in Sources */ = {isa = PBXBuildFile; fileRef = F8FC52C714AE47A500D714B4 /* SlimList.c */; };
		07F1C32015D9B3B400ECBC7F /* SlimListDeserializer.c in Sources */ = {isa = PBXBuildFile; fileRef = F8FC52C814AE47A500D714B4 /* SlimListDeserializer.c */; };
		07F1C32115D9B3B400ECBC7F /* SlimListSerializer.c in Sources */ = {isa = PBXBuildFile; fileRef = F8FC52C914AE47A500D714B4 /* SlimListSerializer.c */; };
		07F1C32215D9B3B400ECBC7F /* SlimUtil.c in Sources */ = {isa = PBXBuildFile; fileRef = F8FC52CA14AE47A500D714B4 /* SlimUtil.c */; };
		07F1C32315D9B3B400ECBC7F /* StatementExecutor.m in Sources */ = {isa = PBXBuildFile; fileRef = F8FC52CE14AE47D500D714B4 /* StatementExecutor.m */; settings = {COMPILER_FLAGS = "-fno-objc-arc"; }; };
		07F1C32415D9B3B400ECBC7F /* SocketServer.c in Sources */ = {isa = PBXBuildFile; fileRef = F8FC52CC14AE47B200D714B4 /* SocketServer.c */; };
		07F1C32515D9B3B400ECBC7F /* TcpComLink.c in Sources */ = {isa = PBXBuildFile; fileRef = F8FC52CD14AE47B200D714B4 /* TcpComLink.c */; };
		07F1C32615D9B3B400ECBC7F /* ValidInputTypes.m in Sources */ = {isa = PBXBuildFile; fileRef = F88745C814F862BF003D2B3F /* ValidInputTypes.m */; };
		07F1C32715D9B3B400ECBC7F /* ValidReturnTypes.m in Sources */ = {isa = PBXBuildFile; fileRef = F88745CA14F862BF003D2B3F /* ValidReturnTypes.m */; };
		07F1C32815D9B3B400ECBC7F /* RespondsToStringValue.m in Sources */ = {isa = PBXBuildFile; fileRef = F88745C414F862B4003D2B3F /* RespondsToStringValue.m */; };
		07F1C32915D9B3B400ECBC7F /* ObjAdderFixture.m in Sources */ = {isa = PBXBuildFile; fileRef = F81ADACA1449CA8600BC821A /* ObjAdderFixture.m */; };
		07F1C32A15D9B3B400ECBC7F /* Count.m in Sources */ = {isa = PBXBuildFile; fileRef = F8543DA614671E11001FC9E6 /* Count.m */; };
		07F1C32B15D9B3B400ECBC7F /* Math.m in Sources */ = {isa = PBXBuildFile; fileRef = F8543DB314683673001FC9E6 /* Math.m */; };
		07F1C32C15D9B3B400ECBC7F /* EchoFixture.m in Sources */ = {isa = PBXBuildFile; fileRef = F8E91E28146C2BE500D064A5 /* EchoFixture.m */; };
		07F1C32D15D9B3B400ECBC7F /* TestQuery.m in Sources */ = {isa = PBXBuildFile; fileRef = F8E91E2D146DC1CE00D064A5 /* TestQuery.m */; };
		07F1C32E15D9B3B400ECBC7F /* TearDown.m in Sources */ = {isa = PBXBuildFile; fileRef = F8E91E30146E05E700D064A5 /* TearDown.m */; };
		07F1C32F15D9B3B400ECBC7F /* PageDriver.m in Sources */ = {isa = PBXBuildFile; fileRef = F8E91E33146E060400D064A5 /* PageDriver.m */; };
		07F1C33015D9B3B400ECBC7F /* SetUp.m in Sources */ = {isa = PBXBuildFile; fileRef = F8E91E37146E061E00D064A5 /* SetUp.m */; };
		07F1C33115D9B3B400ECBC7F /* Uncle.m in Sources */ = {isa = PBXBuildFile; fileRef = F8E91E3A14706A9B00D064A5 /* Uncle.m */; };
		07F1C33215D9B3B400ECBC7F /* Adder.m in Sources */ = {isa = PBXBuildFile; fileRef = F81E7F7D1582B0F1004C029E /* Adder.m */; };
		07F1C33315D9B3B400ECBC7F /* Fixtures.m in Sources */ = {isa = PBXBuildFile; fileRef = F8FC52D314AE498900D714B4 /* Fixtures.m */; };
		07F1C33415D9B3B400ECBC7F /* TestSlim.m in Sources */ = {isa = PBXBuildFile; fileRef = F8FC52FA14AE515000D714B4 /* TestSlim.m */; };
		07F1C33515D9B3B400ECBC7F /* TestSlimTwo.m in Sources */ = {isa = PBXBuildFile; fileRef = F8FC52FC14AE515000D714B4 /* TestSlimTwo.m */; };
		07F1C33715D9B69600ECBC7F /* OCSReturnValueSpecKit.m in Sources */ = {isa = PBXBuildFile; fileRef = 07F1C33615D9B69600ECBC7F /* OCSReturnValueSpecKit.m */; settings = {COMPILER_FLAGS = "-fno-objc-arc"; }; };
		07F1C33F15D9B77D00ECBC7F /* UIKit.framework in Frameworks */ = {isa = PBXBuildFile; fileRef = 072E0CED15A11F8F009615B6 /* UIKit.framework */; };
		07F1C34015D9B77D00ECBC7F /* Foundation.framework in Frameworks */ = {isa = PBXBuildFile; fileRef = F8A425B4145208CC00FD4ECA /* Foundation.framework */; };
		07F1C34115D9B77D00ECBC7F /* CoreGraphics.framework in Frameworks */ = {isa = PBXBuildFile; fileRef = 07F1C2BB15D9A23200ECBC7F /* CoreGraphics.framework */; };
		07F1C34715D9B77D00ECBC7F /* InfoPlist.strings in Resources */ = {isa = PBXBuildFile; fileRef = 07F1C34515D9B77D00ECBC7F /* InfoPlist.strings */; };
		07F1C34915D9B77D00ECBC7F /* main.m in Sources */ = {isa = PBXBuildFile; fileRef = 07F1C34815D9B77D00ECBC7F /* main.m */; };
		07F1C34E15D9B78500ECBC7F /* libSpecKit.a in Frameworks */ = {isa = PBXBuildFile; fileRef = 0795B2CB15D9A1DE000D3DD4 /* libSpecKit.a */; };
		07F1C34F15D9B7C100ECBC7F /* ListExecutor.c in Sources */ = {isa = PBXBuildFile; fileRef = F8FC52C414AE47A500D714B4 /* ListExecutor.c */; };
		07F1C35015D9B7C100ECBC7F /* Slim.c in Sources */ = {isa = PBXBuildFile; fileRef = F8FC52C514AE47A500D714B4 /* Slim.c */; };
		07F1C35115D9B7C100ECBC7F /* OCSReturnValue.m in Sources */ = {isa = PBXBuildFile; fileRef = F88745C014F8628C003D2B3F /* OCSReturnValue.m */; settings = {COMPILER_FLAGS = "-fno-objc-arc"; }; };
		07F1C35215D9B7C100ECBC7F /* SlimConnectionHandler.c in Sources */ = {isa = PBXBuildFile; fileRef = F8FC52C614AE47A500D714B4 /* SlimConnectionHandler.c */; };
		07F1C35315D9B7C100ECBC7F /* SlimList.c in Sources */ = {isa = PBXBuildFile; fileRef = F8FC52C714AE47A500D714B4 /* SlimList.c */; };
		07F1C35415D9B7C100ECBC7F /* SlimListDeserializer.c in Sources */ = {isa = PBXBuildFile; fileRef = F8FC52C814AE47A500D714B4 /* SlimListDeserializer.c */; };
		07F1C35515D9B7C100ECBC7F /* SlimListSerializer.c in Sources */ = {isa = PBXBuildFile; fileRef = F8FC52C914AE47A500D714B4 /* SlimListSerializer.c */; };
		07F1C35615D9B7C100ECBC7F /* SlimUtil.c in Sources */ = {isa = PBXBuildFile; fileRef = F8FC52CA14AE47A500D714B4 /* SlimUtil.c */; };
		07F1C35715D9B7C100ECBC7F /* StatementExecutor.m in Sources */ = {isa = PBXBuildFile; fileRef = F8FC52CE14AE47D500D714B4 /* StatementExecutor.m */; settings = {COMPILER_FLAGS = "-fno-objc-arc"; }; };
		07F1C35815D9B7C100ECBC7F /* SocketServer.c in Sources */ = {isa = PBXBuildFile; fileRef = F8FC52CC14AE47B200D714B4 /* SocketServer.c */; };
		07F1C35915D9B7C100ECBC7F /* TcpComLink.c in Sources */ = {isa = PBXBuildFile; fileRef = F8FC52CD14AE47B200D714B4 /* TcpComLink.c */; };
		07F1C35A15D9B7C100ECBC7F /* ValidInputTypes.m in Sources */ = {isa = PBXBuildFile; fileRef = F88745C814F862BF003D2B3F /* ValidInputTypes.m */; };
		07F1C35B15D9B7C100ECBC7F /* ValidReturnTypes.m in Sources */ = {isa = PBXBuildFile; fileRef = F88745CA14F862BF003D2B3F /* ValidReturnTypes.m */; };
		07F1C35C15D9B7C100ECBC7F /* RespondsToStringValue.m in Sources */ = {isa = PBXBuildFile; fileRef = F88745C414F862B4003D2B3F /* RespondsToStringValue.m */; };
		07F1C35E15D9B7C100ECBC7F /* ObjAdderFixture.m in Sources */ = {isa = PBXBuildFile; fileRef = F81ADACA1449CA8600BC821A /* ObjAdderFixture.m */; };
		07F1C35F15D9B7C100ECBC7F /* Count.m in Sources */ = {isa = PBXBuildFile; fileRef = F8543DA614671E11001FC9E6 /* Count.m */; };
		07F1C36015D9B7C100ECBC7F /* Math.m in Sources */ = {isa = PBXBuildFile; fileRef = F8543DB314683673001FC9E6 /* Math.m */; };
		07F1C36115D9B7C100ECBC7F /* EchoFixture.m in Sources */ = {isa = PBXBuildFile; fileRef = F8E91E28146C2BE500D064A5 /* EchoFixture.m */; };
		07F1C36215D9B7C100ECBC7F /* TestQuery.m in Sources */ = {isa = PBXBuildFile; fileRef = F8E91E2D146DC1CE00D064A5 /* TestQuery.m */; };
		07F1C36315D9B7C100ECBC7F /* TearDown.m in Sources */ = {isa = PBXBuildFile; fileRef = F8E91E30146E05E700D064A5 /* TearDown.m */; };
		07F1C36415D9B7C100ECBC7F /* PageDriver.m in Sources */ = {isa = PBXBuildFile; fileRef = F8E91E33146E060400D064A5 /* PageDriver.m */; };
		07F1C36515D9B7C100ECBC7F /* SetUp.m in Sources */ = {isa = PBXBuildFile; fileRef = F8E91E37146E061E00D064A5 /* SetUp.m */; };
		07F1C36615D9B7C100ECBC7F /* Uncle.m in Sources */ = {isa = PBXBuildFile; fileRef = F8E91E3A14706A9B00D064A5 /* Uncle.m */; };
		07F1C36715D9B7C100ECBC7F /* Adder.m in Sources */ = {isa = PBXBuildFile; fileRef = F81E7F7D1582B0F1004C029E /* Adder.m */; };
		07F1C36815D9B7C100ECBC7F /* Fixtures.m in Sources */ = {isa = PBXBuildFile; fileRef = F8FC52D314AE498900D714B4 /* Fixtures.m */; };
		07F1C36915D9B7C100ECBC7F /* TestSlim.m in Sources */ = {isa = PBXBuildFile; fileRef = F8FC52FA14AE515000D714B4 /* TestSlim.m */; };
		07F1C36A15D9B7C100ECBC7F /* TestSlimTwo.m in Sources */ = {isa = PBXBuildFile; fileRef = F8FC52FC14AE515000D714B4 /* TestSlimTwo.m */; };
		07F1C36B15D9B7C100ECBC7F /* StatementExecutorSpecKit.m in Sources */ = {isa = PBXBuildFile; fileRef = 07F1C2CA15D9A26D00ECBC7F /* StatementExecutorSpecKit.m */; settings = {COMPILER_FLAGS = "-fno-objc-arc"; }; };
		07F1C36C15D9B7C100ECBC7F /* OCSReturnValueSpecKit.m in Sources */ = {isa = PBXBuildFile; fileRef = 07F1C33615D9B69600ECBC7F /* OCSReturnValueSpecKit.m */; settings = {COMPILER_FLAGS = "-fno-objc-arc"; }; };
		07F1C37115D9B8BE00ECBC7F /* SlimList.c in Sources */ = {isa = PBXBuildFile; fileRef = F8FC52C714AE47A500D714B4 /* SlimList.c */; };
		F81ADACB1449CA8600BC821A /* ObjAdderFixture.m in Sources */ = {isa = PBXBuildFile; fileRef = F81ADACA1449CA8600BC821A /* ObjAdderFixture.m */; };
		F81E7F4F1582AAF6004C029E /* Main.c in Sources */ = {isa = PBXBuildFile; fileRef = F873F3D51448BF4F00FFCA02 /* Main.c */; };
		F81E7F511582AAF6004C029E /* ObjAdderFixture.m in Sources */ = {isa = PBXBuildFile; fileRef = F81ADACA1449CA8600BC821A /* ObjAdderFixture.m */; };
		F81E7F521582AAF6004C029E /* Count.m in Sources */ = {isa = PBXBuildFile; fileRef = F8543DA614671E11001FC9E6 /* Count.m */; };
		F81E7F531582AAF6004C029E /* Math.m in Sources */ = {isa = PBXBuildFile; fileRef = F8543DB314683673001FC9E6 /* Math.m */; };
		F81E7F541582AAF6004C029E /* EchoFixture.m in Sources */ = {isa = PBXBuildFile; fileRef = F8E91E28146C2BE500D064A5 /* EchoFixture.m */; };
		F81E7F551582AAF6004C029E /* TestQuery.m in Sources */ = {isa = PBXBuildFile; fileRef = F8E91E2D146DC1CE00D064A5 /* TestQuery.m */; };
		F81E7F561582AAF6004C029E /* TearDown.m in Sources */ = {isa = PBXBuildFile; fileRef = F8E91E30146E05E700D064A5 /* TearDown.m */; };
		F81E7F571582AAF6004C029E /* PageDriver.m in Sources */ = {isa = PBXBuildFile; fileRef = F8E91E33146E060400D064A5 /* PageDriver.m */; };
		F81E7F581582AAF6004C029E /* SetUp.m in Sources */ = {isa = PBXBuildFile; fileRef = F8E91E37146E061E00D064A5 /* SetUp.m */; };
		F81E7F591582AAF6004C029E /* Uncle.m in Sources */ = {isa = PBXBuildFile; fileRef = F8E91E3A14706A9B00D064A5 /* Uncle.m */; };
		F81E7F5A1582AAF6004C029E /* StatementExecutor.m in Sources */ = {isa = PBXBuildFile; fileRef = F8FC52CE14AE47D500D714B4 /* StatementExecutor.m */; settings = {COMPILER_FLAGS = "-fno-objc-arc"; }; };
		F81E7F5B1582AAF6004C029E /* Fixtures.m in Sources */ = {isa = PBXBuildFile; fileRef = F8FC52D314AE498900D714B4 /* Fixtures.m */; };
		F81E7F5C1582AAF6004C029E /* SocketServer.c in Sources */ = {isa = PBXBuildFile; fileRef = F8FC52CC14AE47B200D714B4 /* SocketServer.c */; };
		F81E7F5D1582AAF6004C029E /* TcpComLink.c in Sources */ = {isa = PBXBuildFile; fileRef = F8FC52CD14AE47B200D714B4 /* TcpComLink.c */; };
		F81E7F5E1582AAF6004C029E /* ListExecutor.c in Sources */ = {isa = PBXBuildFile; fileRef = F8FC52C414AE47A500D714B4 /* ListExecutor.c */; };
		F81E7F5F1582AAF6004C029E /* Slim.c in Sources */ = {isa = PBXBuildFile; fileRef = F8FC52C514AE47A500D714B4 /* Slim.c */; };
		F81E7F601582AAF6004C029E /* SlimConnectionHandler.c in Sources */ = {isa = PBXBuildFile; fileRef = F8FC52C614AE47A500D714B4 /* SlimConnectionHandler.c */; };
		F81E7F621582AAF6004C029E /* SlimListDeserializer.c in Sources */ = {isa = PBXBuildFile; fileRef = F8FC52C814AE47A500D714B4 /* SlimListDeserializer.c */; };
		F81E7F631582AAF6004C029E /* SlimListSerializer.c in Sources */ = {isa = PBXBuildFile; fileRef = F8FC52C914AE47A500D714B4 /* SlimListSerializer.c */; };
		F81E7F641582AAF6004C029E /* SlimUtil.c in Sources */ = {isa = PBXBuildFile; fileRef = F8FC52CA14AE47A500D714B4 /* SlimUtil.c */; };
		F81E7F651582AAF6004C029E /* TestSlim.m in Sources */ = {isa = PBXBuildFile; fileRef = F8FC52FA14AE515000D714B4 /* TestSlim.m */; };
		F81E7F661582AAF6004C029E /* TestSlimTwo.m in Sources */ = {isa = PBXBuildFile; fileRef = F8FC52FC14AE515000D714B4 /* TestSlimTwo.m */; };
		F81E7F671582AAF6004C029E /* OCSReturnValue.m in Sources */ = {isa = PBXBuildFile; fileRef = F88745C014F8628C003D2B3F /* OCSReturnValue.m */; settings = {COMPILER_FLAGS = "-fno-objc-arc"; }; };
		F81E7F681582AAF6004C029E /* RespondsToStringValue.m in Sources */ = {isa = PBXBuildFile; fileRef = F88745C414F862B4003D2B3F /* RespondsToStringValue.m */; };
		F81E7F691582AAF6004C029E /* ValidInputTypes.m in Sources */ = {isa = PBXBuildFile; fileRef = F88745C814F862BF003D2B3F /* ValidInputTypes.m */; };
		F81E7F6A1582AAF6004C029E /* ValidReturnTypes.m in Sources */ = {isa = PBXBuildFile; fileRef = F88745CA14F862BF003D2B3F /* ValidReturnTypes.m */; };
		F81E7F6E1582AAF6004C029E /* InfoPlist.strings in Resources */ = {isa = PBXBuildFile; fileRef = F8ED9F091448BDF900DCBB3F /* InfoPlist.strings */; };
		F81E7F6F1582AAF6004C029E /* Credits.rtf in Resources */ = {isa = PBXBuildFile; fileRef = F8ED9F0F1448BDF900DCBB3F /* Credits.rtf */; };
		F81E7F7E1582B0F1004C029E /* Adder.m in Sources */ = {isa = PBXBuildFile; fileRef = F81E7F7D1582B0F1004C029E /* Adder.m */; };
		F81E7F7F1582B0F1004C029E /* Adder.m in Sources */ = {isa = PBXBuildFile; fileRef = F81E7F7D1582B0F1004C029E /* Adder.m */; };
		F8543DA714671E11001FC9E6 /* Count.m in Sources */ = {isa = PBXBuildFile; fileRef = F8543DA614671E11001FC9E6 /* Count.m */; };
		F8543DB414683673001FC9E6 /* Math.m in Sources */ = {isa = PBXBuildFile; fileRef = F8543DB314683673001FC9E6 /* Math.m */; };
		F873F3D61448BF4F00FFCA02 /* Main.c in Sources */ = {isa = PBXBuildFile; fileRef = F873F3D51448BF4F00FFCA02 /* Main.c */; };
		F88745C114F8628C003D2B3F /* OCSReturnValue.m in Sources */ = {isa = PBXBuildFile; fileRef = F88745C014F8628C003D2B3F /* OCSReturnValue.m */; settings = {COMPILER_FLAGS = "-fno-objc-arc"; }; };
		F88745C514F862B4003D2B3F /* RespondsToStringValue.m in Sources */ = {isa = PBXBuildFile; fileRef = F88745C414F862B4003D2B3F /* RespondsToStringValue.m */; };
		F88745CB14F862BF003D2B3F /* ValidInputTypes.m in Sources */ = {isa = PBXBuildFile; fileRef = F88745C814F862BF003D2B3F /* ValidInputTypes.m */; };
		F88745CD14F862BF003D2B3F /* ValidReturnTypes.m in Sources */ = {isa = PBXBuildFile; fileRef = F88745CA14F862BF003D2B3F /* ValidReturnTypes.m */; };
		F8E91E29146C2BE500D064A5 /* EchoFixture.m in Sources */ = {isa = PBXBuildFile; fileRef = F8E91E28146C2BE500D064A5 /* EchoFixture.m */; };
		F8E91E2E146DC1CE00D064A5 /* TestQuery.m in Sources */ = {isa = PBXBuildFile; fileRef = F8E91E2D146DC1CE00D064A5 /* TestQuery.m */; };
		F8E91E31146E05E800D064A5 /* TearDown.m in Sources */ = {isa = PBXBuildFile; fileRef = F8E91E30146E05E700D064A5 /* TearDown.m */; };
		F8E91E35146E060900D064A5 /* PageDriver.m in Sources */ = {isa = PBXBuildFile; fileRef = F8E91E33146E060400D064A5 /* PageDriver.m */; };
		F8E91E38146E061E00D064A5 /* SetUp.m in Sources */ = {isa = PBXBuildFile; fileRef = F8E91E37146E061E00D064A5 /* SetUp.m */; };
		F8E91E3B14706A9B00D064A5 /* Uncle.m in Sources */ = {isa = PBXBuildFile; fileRef = F8E91E3A14706A9B00D064A5 /* Uncle.m */; };
		F8ED9F261448BE3200DCBB3F /* Cocoa.framework in Frameworks */ = {isa = PBXBuildFile; fileRef = F8ED9F001448BDF900DCBB3F /* Cocoa.framework */; };
		F8ED9F281448BE3200DCBB3F /* InfoPlist.strings in Resources */ = {isa = PBXBuildFile; fileRef = F8ED9F091448BDF900DCBB3F /* InfoPlist.strings */; };
		F8ED9F291448BE3200DCBB3F /* Credits.rtf in Resources */ = {isa = PBXBuildFile; fileRef = F8ED9F0F1448BDF900DCBB3F /* Credits.rtf */; };
		F8FC52D214AE484D00D714B4 /* StatementExecutor.m in Sources */ = {isa = PBXBuildFile; fileRef = F8FC52CE14AE47D500D714B4 /* StatementExecutor.m */; settings = {COMPILER_FLAGS = "-fno-objc-arc"; }; };
		F8FC52D414AE498900D714B4 /* Fixtures.m in Sources */ = {isa = PBXBuildFile; fileRef = F8FC52D314AE498900D714B4 /* Fixtures.m */; };
		F8FC52D714AE4AAC00D714B4 /* SocketServer.c in Sources */ = {isa = PBXBuildFile; fileRef = F8FC52CC14AE47B200D714B4 /* SocketServer.c */; };
		F8FC52D914AE4B3500D714B4 /* TcpComLink.c in Sources */ = {isa = PBXBuildFile; fileRef = F8FC52CD14AE47B200D714B4 /* TcpComLink.c */; };
		F8FC52DC14AE4B9A00D714B4 /* ListExecutor.c in Sources */ = {isa = PBXBuildFile; fileRef = F8FC52C414AE47A500D714B4 /* ListExecutor.c */; };
		F8FC52DD14AE4BF900D714B4 /* Slim.c in Sources */ = {isa = PBXBuildFile; fileRef = F8FC52C514AE47A500D714B4 /* Slim.c */; };
		F8FC52DF14AE4C9700D714B4 /* SlimConnectionHandler.c in Sources */ = {isa = PBXBuildFile; fileRef = F8FC52C614AE47A500D714B4 /* SlimConnectionHandler.c */; };
		F8FC52E314AE4D7D00D714B4 /* SlimList.c in Sources */ = {isa = PBXBuildFile; fileRef = F8FC52C714AE47A500D714B4 /* SlimList.c */; };
		F8FC52E514AE4DFA00D714B4 /* SlimListDeserializer.c in Sources */ = {isa = PBXBuildFile; fileRef = F8FC52C814AE47A500D714B4 /* SlimListDeserializer.c */; };
		F8FC52E614AE4DFA00D714B4 /* SlimListSerializer.c in Sources */ = {isa = PBXBuildFile; fileRef = F8FC52C914AE47A500D714B4 /* SlimListSerializer.c */; };
		F8FC52EB14AE4E2000D714B4 /* SlimUtil.c in Sources */ = {isa = PBXBuildFile; fileRef = F8FC52CA14AE47A500D714B4 /* SlimUtil.c */; };
		F8FC52FD14AE515000D714B4 /* TestSlim.m in Sources */ = {isa = PBXBuildFile; fileRef = F8FC52FA14AE515000D714B4 /* TestSlim.m */; };
		F8FC52FF14AE515000D714B4 /* TestSlimTwo.m in Sources */ = {isa = PBXBuildFile; fileRef = F8FC52FC14AE515000D714B4 /* TestSlimTwo.m */; };
/* End PBXBuildFile section */

/* Begin PBXContainerItemProxy section */
		07381AF015ADAF73000B0A38 /* PBXContainerItemProxy */ = {
			isa = PBXContainerItemProxy;
			containerPortal = F8ED9EF31448BDF900DCBB3F /* Project object */;
			proxyType = 1;
			remoteGlobalIDString = F8ED9F211448BE3200DCBB3F;
			remoteInfo = MacAcceptanceTests;
		};
		07381AF415ADAF73000B0A38 /* PBXContainerItemProxy */ = {
			isa = PBXContainerItemProxy;
			containerPortal = F8ED9EF31448BDF900DCBB3F /* Project object */;
			proxyType = 1;
			remoteGlobalIDString = F81E7F4C1582AAF6004C029E;
			remoteInfo = iOSAcceptanceTests;
		};
		0795B2CA15D9A1DE000D3DD4 /* PBXContainerItemProxy */ = {
			isa = PBXContainerItemProxy;
			containerPortal = 0795B2C015D9A1DE000D3DD4 /* SpecKit.xcodeproj */;
			proxyType = 2;
			remoteGlobalIDString = 94A6BA5A15BB2DE7003F22B6;
			remoteInfo = SpecKit;
		};
		0795B2CC15D9A1DE000D3DD4 /* PBXContainerItemProxy */ = {
			isa = PBXContainerItemProxy;
			containerPortal = 0795B2C015D9A1DE000D3DD4 /* SpecKit.xcodeproj */;
			proxyType = 2;
			remoteGlobalIDString = 942AAEEC15BBB3760006C241;
			remoteInfo = SpecKitMac;
		};
		0795B2CE15D9A1DE000D3DD4 /* PBXContainerItemProxy */ = {
			isa = PBXContainerItemProxy;
			containerPortal = 0795B2C015D9A1DE000D3DD4 /* SpecKit.xcodeproj */;
			proxyType = 2;
			remoteGlobalIDString = 947F6C2515BC39A200C7CF3B;
			remoteInfo = SpecKitTests;
		};
		0795B2D015D9A1DE000D3DD4 /* PBXContainerItemProxy */ = {
			isa = PBXContainerItemProxy;
			containerPortal = 0795B2C015D9A1DE000D3DD4 /* SpecKit.xcodeproj */;
			proxyType = 2;
			remoteGlobalIDString = 944FBF4E15C168C100BF85FC;
			remoteInfo = SpecKitAcceptanceTest;
		};
		07F1C36D15D9B80700ECBC7F /* PBXContainerItemProxy */ = {
			isa = PBXContainerItemProxy;
			containerPortal = F8ED9EF31448BDF900DCBB3F /* Project object */;
			proxyType = 1;
			remoteGlobalIDString = 07F1C2F015D9B17000ECBC7F;
			remoteInfo = MacSK;
		};
		07F1C36F15D9B80700ECBC7F /* PBXContainerItemProxy */ = {
			isa = PBXContainerItemProxy;
			containerPortal = F8ED9EF31448BDF900DCBB3F /* Project object */;
			proxyType = 1;
			remoteGlobalIDString = 07F1C33C15D9B77D00ECBC7F;
			remoteInfo = iOSSpecKit;
		};
/* End PBXContainerItemProxy section */

/* Begin PBXFileReference section */
		072E0CED15A11F8F009615B6 /* UIKit.framework */ = {isa = PBXFileReference; lastKnownFileType = wrapper.framework; name = UIKit.framework; path = Platforms/iPhoneOS.platform/Developer/SDKs/iPhoneOS5.1.sdk/System/Library/Frameworks/UIKit.framework; sourceTree = DEVELOPER_DIR; };
		0795B2C015D9A1DE000D3DD4 /* SpecKit.xcodeproj */ = {isa = PBXFileReference; lastKnownFileType = "wrapper.pb-project"; name = SpecKit.xcodeproj; path = SpecKit/SpecKit.xcodeproj; sourceTree = "<group>"; };
		07F1C2BB15D9A23200ECBC7F /* CoreGraphics.framework */ = {isa = PBXFileReference; lastKnownFileType = wrapper.framework; name = CoreGraphics.framework; path = System/Library/Frameworks/CoreGraphics.framework; sourceTree = SDKROOT; };
		07F1C2CA15D9A26D00ECBC7F /* StatementExecutorSpecKit.m */ = {isa = PBXFileReference; fileEncoding = 4; lastKnownFileType = sourcecode.c.objc; name = StatementExecutorSpecKit.m; path = cslim/tests/ObjectiveC/StatementExecutorSpecKit.m; sourceTree = "<group>"; };
		07F1C2E515D9B14200ECBC7F /* main.m */ = {isa = PBXFileReference; lastKnownFileType = sourcecode.c.objc; path = main.m; sourceTree = "<group>"; };
		07F1C2E815D9B14200ECBC7F /* MacSpecKit-Prefix.pch */ = {isa = PBXFileReference; lastKnownFileType = sourcecode.c.h; path = "MacSpecKit-Prefix.pch"; sourceTree = "<group>"; };
		07F1C2F115D9B17000ECBC7F /* MacSK */ = {isa = PBXFileReference; explicitFileType = "compiled.mach-o.executable"; includeInIndex = 0; path = MacSK; sourceTree = BUILT_PRODUCTS_DIR; };
		07F1C2F515D9B17000ECBC7F /* main.m */ = {isa = PBXFileReference; lastKnownFileType = sourcecode.c.objc; path = main.m; sourceTree = "<group>"; };
		07F1C2F815D9B17000ECBC7F /* MacSK-Prefix.pch */ = {isa = PBXFileReference; lastKnownFileType = sourcecode.c.h; path = "MacSK-Prefix.pch"; sourceTree = "<group>"; };
		07F1C33615D9B69600ECBC7F /* OCSReturnValueSpecKit.m */ = {isa = PBXFileReference; fileEncoding = 4; lastKnownFileType = sourcecode.c.objc; name = OCSReturnValueSpecKit.m; path = cslim/tests/ObjectiveC/OCSReturnValueSpecKit.m; sourceTree = "<group>"; };
		07F1C33D15D9B77D00ECBC7F /* iOSSpecKit.app */ = {isa = PBXFileReference; explicitFileType = wrapper.application; includeInIndex = 0; path = iOSSpecKit.app; sourceTree = BUILT_PRODUCTS_DIR; };
		07F1C34415D9B77D00ECBC7F /* iOSSpecKit-Info.plist */ = {isa = PBXFileReference; lastKnownFileType = text.plist.xml; path = "iOSSpecKit-Info.plist"; sourceTree = "<group>"; };
		07F1C34615D9B77D00ECBC7F /* en */ = {isa = PBXFileReference; lastKnownFileType = text.plist.strings; name = en; path = en.lproj/InfoPlist.strings; sourceTree = "<group>"; };
		07F1C34815D9B77D00ECBC7F /* main.m */ = {isa = PBXFileReference; lastKnownFileType = sourcecode.c.objc; path = main.m; sourceTree = "<group>"; };
		07F1C34A15D9B77D00ECBC7F /* iOSSpecKit-Prefix.pch */ = {isa = PBXFileReference; lastKnownFileType = sourcecode.c.h; path = "iOSSpecKit-Prefix.pch"; sourceTree = "<group>"; };
		F81ADAC91449CA8600BC821A /* ObjAdderFixture.h */ = {isa = PBXFileReference; fileEncoding = 4; lastKnownFileType = sourcecode.c.h; path = ObjAdderFixture.h; sourceTree = "<group>"; };
		F81ADACA1449CA8600BC821A /* ObjAdderFixture.m */ = {isa = PBXFileReference; fileEncoding = 4; lastKnownFileType = sourcecode.c.objc; path = ObjAdderFixture.m; sourceTree = "<group>"; };
		F81E7F741582AAF6004C029E /* iOSAcceptanceTests.app */ = {isa = PBXFileReference; explicitFileType = wrapper.application; includeInIndex = 0; path = iOSAcceptanceTests.app; sourceTree = BUILT_PRODUCTS_DIR; };
		F81E7F771582AC15004C029E /* ObjectiveCSlimIOS-Prefix.pch */ = {isa = PBXFileReference; fileEncoding = 4; lastKnownFileType = sourcecode.c.h; path = "ObjectiveCSlimIOS-Prefix.pch"; sourceTree = "<group>"; };
		F81E7F7C1582B0F1004C029E /* Adder.h */ = {isa = PBXFileReference; fileEncoding = 4; lastKnownFileType = sourcecode.c.h; path = Adder.h; sourceTree = "<group>"; };
		F81E7F7D1582B0F1004C029E /* Adder.m */ = {isa = PBXFileReference; fileEncoding = 4; lastKnownFileType = sourcecode.c.objc; path = Adder.m; sourceTree = "<group>"; };
		F8543DA514671E11001FC9E6 /* Count.h */ = {isa = PBXFileReference; fileEncoding = 4; lastKnownFileType = sourcecode.c.h; path = Count.h; sourceTree = "<group>"; };
		F8543DA614671E11001FC9E6 /* Count.m */ = {isa = PBXFileReference; fileEncoding = 4; lastKnownFileType = sourcecode.c.objc; path = Count.m; sourceTree = "<group>"; };
		F8543DB214683673001FC9E6 /* Math.h */ = {isa = PBXFileReference; fileEncoding = 4; lastKnownFileType = sourcecode.c.h; path = Math.h; sourceTree = "<group>"; };
		F8543DB314683673001FC9E6 /* Math.m */ = {isa = PBXFileReference; fileEncoding = 4; lastKnownFileType = sourcecode.c.objc; path = Math.m; sourceTree = "<group>"; };
		F873F3D51448BF4F00FFCA02 /* Main.c */ = {isa = PBXFileReference; fileEncoding = 4; lastKnownFileType = sourcecode.c.c; path = Main.c; sourceTree = "<group>"; };
		F873F3D71448C5F100FFCA02 /* fitnesse.jar */ = {isa = PBXFileReference; lastKnownFileType = archive.jar; path = fitnesse.jar; sourceTree = "<group>"; };
		F87E802F158FE19600675E34 /* macMain.m */ = {isa = PBXFileReference; fileEncoding = 4; lastKnownFileType = sourcecode.c.objc; path = macMain.m; sourceTree = "<group>"; };
		F88745BF14F8628C003D2B3F /* OCSReturnValue.h */ = {isa = PBXFileReference; fileEncoding = 4; lastKnownFileType = sourcecode.c.h; name = OCSReturnValue.h; path = cslim/src/ExecutorObjectiveC/OCSReturnValue.h; sourceTree = "<group>"; };
		F88745C014F8628C003D2B3F /* OCSReturnValue.m */ = {isa = PBXFileReference; fileEncoding = 4; lastKnownFileType = sourcecode.c.objc; name = OCSReturnValue.m; path = cslim/src/ExecutorObjectiveC/OCSReturnValue.m; sourceTree = "<group>"; };
		F88745C314F862B4003D2B3F /* RespondsToStringValue.h */ = {isa = PBXFileReference; fileEncoding = 4; lastKnownFileType = sourcecode.c.h; name = RespondsToStringValue.h; path = cslim/tests/ObjectiveC/RespondsToStringValue.h; sourceTree = "<group>"; };
		F88745C414F862B4003D2B3F /* RespondsToStringValue.m */ = {isa = PBXFileReference; fileEncoding = 4; lastKnownFileType = sourcecode.c.objc; name = RespondsToStringValue.m; path = cslim/tests/ObjectiveC/RespondsToStringValue.m; sourceTree = "<group>"; };
		F88745C714F862BF003D2B3F /* ValidInputTypes.h */ = {isa = PBXFileReference; fileEncoding = 4; lastKnownFileType = sourcecode.c.h; name = ValidInputTypes.h; path = cslim/tests/ObjectiveC/ValidInputTypes.h; sourceTree = "<group>"; };
		F88745C814F862BF003D2B3F /* ValidInputTypes.m */ = {isa = PBXFileReference; fileEncoding = 4; lastKnownFileType = sourcecode.c.objc; name = ValidInputTypes.m; path = cslim/tests/ObjectiveC/ValidInputTypes.m; sourceTree = "<group>"; };
		F88745C914F862BF003D2B3F /* ValidReturnTypes.h */ = {isa = PBXFileReference; fileEncoding = 4; lastKnownFileType = sourcecode.c.h; name = ValidReturnTypes.h; path = cslim/tests/ObjectiveC/ValidReturnTypes.h; sourceTree = "<group>"; };
		F88745CA14F862BF003D2B3F /* ValidReturnTypes.m */ = {isa = PBXFileReference; fileEncoding = 4; lastKnownFileType = sourcecode.c.objc; name = ValidReturnTypes.m; path = cslim/tests/ObjectiveC/ValidReturnTypes.m; sourceTree = "<group>"; };
		F8A425B4145208CC00FD4ECA /* Foundation.framework */ = {isa = PBXFileReference; lastKnownFileType = wrapper.framework; name = Foundation.framework; path = System/Library/Frameworks/Foundation.framework; sourceTree = SDKROOT; };
		F8B5B1A6157037DF0049742E /* OCDSpecCondition.h */ = {isa = PBXFileReference; fileEncoding = 4; lastKnownFileType = sourcecode.c.h; path = OCDSpecCondition.h; sourceTree = "<group>"; };
		F8B5B1A7157037DF0049742E /* OCDSpecCondition.m */ = {isa = PBXFileReference; fileEncoding = 4; lastKnownFileType = sourcecode.c.objc; path = OCDSpecCondition.m; sourceTree = "<group>"; };
		F8B5B1A8157037DF0049742E /* OCDSpecPostCondition.h */ = {isa = PBXFileReference; fileEncoding = 4; lastKnownFileType = sourcecode.c.h; path = OCDSpecPostCondition.h; sourceTree = "<group>"; };
		F8B5B1A9157037DF0049742E /* OCDSpecPostCondition.m */ = {isa = PBXFileReference; fileEncoding = 4; lastKnownFileType = sourcecode.c.objc; path = OCDSpecPostCondition.m; sourceTree = "<group>"; };
		F8B5B1AA157037DF0049742E /* OCDSpecPreCondition.h */ = {isa = PBXFileReference; fileEncoding = 4; lastKnownFileType = sourcecode.c.h; path = OCDSpecPreCondition.h; sourceTree = "<group>"; };
		F8B5B1AB157037DF0049742E /* OCDSpecPreCondition.m */ = {isa = PBXFileReference; fileEncoding = 4; lastKnownFileType = sourcecode.c.objc; path = OCDSpecPreCondition.m; sourceTree = "<group>"; };
		F8B5B1AC157037DF0049742E /* iPhone-Prefix.pch */ = {isa = PBXFileReference; fileEncoding = 4; lastKnownFileType = sourcecode.c.h; path = "iPhone-Prefix.pch"; sourceTree = "<group>"; };
		F8B5B1AD157037DF0049742E /* OCDSpec.h */ = {isa = PBXFileReference; fileEncoding = 4; lastKnownFileType = sourcecode.c.h; path = OCDSpec.h; sourceTree = "<group>"; };
		F8B5B1AE157037DF0049742E /* OCDSpecDescription.h */ = {isa = PBXFileReference; fileEncoding = 4; lastKnownFileType = sourcecode.c.h; path = OCDSpecDescription.h; sourceTree = "<group>"; };
		F8B5B1AF157037DF0049742E /* OCDSpecDescription.m */ = {isa = PBXFileReference; fileEncoding = 4; lastKnownFileType = sourcecode.c.objc; path = OCDSpecDescription.m; sourceTree = "<group>"; };
		F8B5B1B0157037DF0049742E /* OCDSpecDescriptionRunner.h */ = {isa = PBXFileReference; fileEncoding = 4; lastKnownFileType = sourcecode.c.h; path = OCDSpecDescriptionRunner.h; sourceTree = "<group>"; };
		F8B5B1B1157037DF0049742E /* OCDSpecDescriptionRunner.m */ = {isa = PBXFileReference; fileEncoding = 4; lastKnownFileType = sourcecode.c.objc; path = OCDSpecDescriptionRunner.m; sourceTree = "<group>"; };
		F8B5B1B2157037DF0049742E /* OCDSpecExample.h */ = {isa = PBXFileReference; fileEncoding = 4; lastKnownFileType = sourcecode.c.h; path = OCDSpecExample.h; sourceTree = "<group>"; };
		F8B5B1B3157037DF0049742E /* OCDSpecExample.m */ = {isa = PBXFileReference; fileEncoding = 4; lastKnownFileType = sourcecode.c.objc; path = OCDSpecExample.m; sourceTree = "<group>"; };
		F8B5B1B4157037DF0049742E /* OCDSpecExpectation.h */ = {isa = PBXFileReference; fileEncoding = 4; lastKnownFileType = sourcecode.c.h; path = OCDSpecExpectation.h; sourceTree = "<group>"; };
		F8B5B1B5157037DF0049742E /* OCDSpecExpectation.m */ = {isa = PBXFileReference; fileEncoding = 4; lastKnownFileType = sourcecode.c.objc; path = OCDSpecExpectation.m; sourceTree = "<group>"; };
		F8B5B1B6157037DF0049742E /* OCDSpecFail.h */ = {isa = PBXFileReference; fileEncoding = 4; lastKnownFileType = sourcecode.c.h; path = OCDSpecFail.h; sourceTree = "<group>"; };
		F8B5B1B7157037DF0049742E /* OCDSpecFail.m */ = {isa = PBXFileReference; fileEncoding = 4; lastKnownFileType = sourcecode.c.objc; path = OCDSpecFail.m; sourceTree = "<group>"; };
		F8B5B1B8157037DF0049742E /* OCDSpecOutputter+RedirectOutput.h */ = {isa = PBXFileReference; fileEncoding = 4; lastKnownFileType = sourcecode.c.h; path = "OCDSpecOutputter+RedirectOutput.h"; sourceTree = "<group>"; };
		F8B5B1B9157037DF0049742E /* OCDSpecOutputter+RedirectOutput.m */ = {isa = PBXFileReference; fileEncoding = 4; lastKnownFileType = sourcecode.c.objc; path = "OCDSpecOutputter+RedirectOutput.m"; sourceTree = "<group>"; };
		F8B5B1BA157037DF0049742E /* OCDSpecOutputter.h */ = {isa = PBXFileReference; fileEncoding = 4; lastKnownFileType = sourcecode.c.h; path = OCDSpecOutputter.h; sourceTree = "<group>"; };
		F8B5B1BB157037DF0049742E /* OCDSpecOutputter.m */ = {isa = PBXFileReference; fileEncoding = 4; lastKnownFileType = sourcecode.c.objc; path = OCDSpecOutputter.m; sourceTree = "<group>"; };
		F8B5B1BC157037DF0049742E /* OCDSpecResults.h */ = {isa = PBXFileReference; fileEncoding = 4; lastKnownFileType = sourcecode.c.h; path = OCDSpecResults.h; sourceTree = "<group>"; };
		F8B5B1BD157037DF0049742E /* OCDSpecSuiteRunner.h */ = {isa = PBXFileReference; fileEncoding = 4; lastKnownFileType = sourcecode.c.h; path = OCDSpecSuiteRunner.h; sourceTree = "<group>"; };
		F8B5B1BE157037DF0049742E /* OCDSpecSuiteRunner.m */ = {isa = PBXFileReference; fileEncoding = 4; lastKnownFileType = sourcecode.c.objc; path = OCDSpecSuiteRunner.m; sourceTree = "<group>"; };
		F8B5B1C1157037DF0049742E /* RunIPhoneUnitTest.sh */ = {isa = PBXFileReference; fileEncoding = 4; lastKnownFileType = text.script.sh; path = RunIPhoneUnitTest.sh; sourceTree = "<group>"; };
		F8B5B1C2157037DF0049742E /* unitTestMain.m */ = {isa = PBXFileReference; fileEncoding = 4; lastKnownFileType = sourcecode.c.objc; path = unitTestMain.m; sourceTree = "<group>"; };
		F8B5B1C4157037DF0049742E /* DescriptionRunner.h */ = {isa = PBXFileReference; fileEncoding = 4; lastKnownFileType = sourcecode.c.h; path = DescriptionRunner.h; sourceTree = "<group>"; };
		F8B5B1C5157037DF0049742E /* Example.h */ = {isa = PBXFileReference; fileEncoding = 4; lastKnownFileType = sourcecode.c.h; path = Example.h; sourceTree = "<group>"; };
		F8B5B1C6157037DF0049742E /* VoidBlock.h */ = {isa = PBXFileReference; fileEncoding = 4; lastKnownFileType = sourcecode.c.h; path = VoidBlock.h; sourceTree = "<group>"; };
		F8B5B1DF15703D280049742E /* Mac-Prefix.pch */ = {isa = PBXFileReference; fileEncoding = 4; lastKnownFileType = sourcecode.c.h; name = "Mac-Prefix.pch"; path = "OCDSpec/Mac-Prefix.pch"; sourceTree = SOURCE_ROOT; };
		F8E91E27146C2BE500D064A5 /* EchoFixture.h */ = {isa = PBXFileReference; fileEncoding = 4; lastKnownFileType = sourcecode.c.h; path = EchoFixture.h; sourceTree = "<group>"; };
		F8E91E28146C2BE500D064A5 /* EchoFixture.m */ = {isa = PBXFileReference; fileEncoding = 4; lastKnownFileType = sourcecode.c.objc; path = EchoFixture.m; sourceTree = "<group>"; };
		F8E91E2C146DC1CE00D064A5 /* TestQuery.h */ = {isa = PBXFileReference; fileEncoding = 4; lastKnownFileType = sourcecode.c.h; path = TestQuery.h; sourceTree = "<group>"; };
		F8E91E2D146DC1CE00D064A5 /* TestQuery.m */ = {isa = PBXFileReference; fileEncoding = 4; lastKnownFileType = sourcecode.c.objc; path = TestQuery.m; sourceTree = "<group>"; };
		F8E91E2F146E05E700D064A5 /* TearDown.h */ = {isa = PBXFileReference; fileEncoding = 4; lastKnownFileType = sourcecode.c.h; path = TearDown.h; sourceTree = "<group>"; };
		F8E91E30146E05E700D064A5 /* TearDown.m */ = {isa = PBXFileReference; fileEncoding = 4; lastKnownFileType = sourcecode.c.objc; path = TearDown.m; sourceTree = "<group>"; };
		F8E91E32146E060400D064A5 /* PageDriver.h */ = {isa = PBXFileReference; fileEncoding = 4; lastKnownFileType = sourcecode.c.h; path = PageDriver.h; sourceTree = "<group>"; };
		F8E91E33146E060400D064A5 /* PageDriver.m */ = {isa = PBXFileReference; fileEncoding = 4; lastKnownFileType = sourcecode.c.objc; path = PageDriver.m; sourceTree = "<group>"; };
		F8E91E36146E061E00D064A5 /* SetUp.h */ = {isa = PBXFileReference; fileEncoding = 4; lastKnownFileType = sourcecode.c.h; path = SetUp.h; sourceTree = "<group>"; };
		F8E91E37146E061E00D064A5 /* SetUp.m */ = {isa = PBXFileReference; fileEncoding = 4; lastKnownFileType = sourcecode.c.objc; path = SetUp.m; sourceTree = "<group>"; };
		F8E91E3914706A9B00D064A5 /* Uncle.h */ = {isa = PBXFileReference; fileEncoding = 4; lastKnownFileType = sourcecode.c.h; path = Uncle.h; sourceTree = "<group>"; };
		F8E91E3A14706A9B00D064A5 /* Uncle.m */ = {isa = PBXFileReference; fileEncoding = 4; lastKnownFileType = sourcecode.c.objc; path = Uncle.m; sourceTree = "<group>"; };
		F8ED9F001448BDF900DCBB3F /* Cocoa.framework */ = {isa = PBXFileReference; lastKnownFileType = wrapper.framework; name = Cocoa.framework; path = System/Library/Frameworks/Cocoa.framework; sourceTree = SDKROOT; };
		F8ED9F031448BDF900DCBB3F /* AppKit.framework */ = {isa = PBXFileReference; lastKnownFileType = wrapper.framework; name = AppKit.framework; path = System/Library/Frameworks/AppKit.framework; sourceTree = SDKROOT; };
		F8ED9F041448BDF900DCBB3F /* CoreData.framework */ = {isa = PBXFileReference; lastKnownFileType = wrapper.framework; name = CoreData.framework; path = System/Library/Frameworks/CoreData.framework; sourceTree = SDKROOT; };
		F8ED9F051448BDF900DCBB3F /* Foundation.framework */ = {isa = PBXFileReference; lastKnownFileType = wrapper.framework; name = Foundation.framework; path = System/Library/Frameworks/Foundation.framework; sourceTree = SDKROOT; };
		F8ED9F081448BDF900DCBB3F /* ObjectiveCSlim-Info.plist */ = {isa = PBXFileReference; lastKnownFileType = text.plist.xml; path = "ObjectiveCSlim-Info.plist"; sourceTree = "<group>"; };
		F8ED9F0A1448BDF900DCBB3F /* en */ = {isa = PBXFileReference; lastKnownFileType = text.plist.strings; name = en; path = en.lproj/InfoPlist.strings; sourceTree = "<group>"; };
		F8ED9F0C1448BDF900DCBB3F /* ObjectiveCSlimMac-Prefix.pch */ = {isa = PBXFileReference; lastKnownFileType = sourcecode.c.h; path = "ObjectiveCSlimMac-Prefix.pch"; sourceTree = "<group>"; };
		F8ED9F101448BDF900DCBB3F /* en */ = {isa = PBXFileReference; lastKnownFileType = text.rtf; name = en; path = en.lproj/Credits.rtf; sourceTree = "<group>"; };
		F8ED9F2E1448BE3200DCBB3F /* AcceptanceTests.app */ = {isa = PBXFileReference; explicitFileType = wrapper.application; includeInIndex = 0; path = AcceptanceTests.app; sourceTree = BUILT_PRODUCTS_DIR; };
		F8F160131587A4250092AA09 /* RunAllTests */ = {isa = PBXFileReference; fileEncoding = 4; lastKnownFileType = text; name = RunAllTests; path = bin/RunAllTests; sourceTree = "<group>"; };
		F8F160141587A4250092AA09 /* RunSlimTests */ = {isa = PBXFileReference; fileEncoding = 4; lastKnownFileType = text; name = RunSlimTests; path = bin/RunSlimTests; sourceTree = "<group>"; };
		F8F160151587A4250092AA09 /* RunSlimTestsHeadless */ = {isa = PBXFileReference; fileEncoding = 4; lastKnownFileType = text; name = RunSlimTestsHeadless; path = bin/RunSlimTestsHeadless; sourceTree = "<group>"; };
		F8F160161587A4250092AA09 /* RunSlimTestsOnSimulator */ = {isa = PBXFileReference; fileEncoding = 4; lastKnownFileType = text.script.sh; name = RunSlimTestsOnSimulator; path = bin/RunSlimTestsOnSimulator; sourceTree = "<group>"; };
		F8F160171587A4250092AA09 /* RunSlimTestsTargetWithSlimPort */ = {isa = PBXFileReference; fileEncoding = 4; lastKnownFileType = text.script.sh; name = RunSlimTestsTargetWithSlimPort; path = bin/RunSlimTestsTargetWithSlimPort; sourceTree = "<group>"; };
		F8F160181587A4250092AA09 /* StartFitNesse */ = {isa = PBXFileReference; fileEncoding = 4; lastKnownFileType = text; name = StartFitNesse; path = bin/StartFitNesse; sourceTree = "<group>"; };
		F8FC52B914AE475600D714B4 /* ListExecutor.h */ = {isa = PBXFileReference; lastKnownFileType = sourcecode.c.h; name = ListExecutor.h; path = cslim/include/CSlim/ListExecutor.h; sourceTree = "<group>"; };
		F8FC52BA14AE475600D714B4 /* Slim.h */ = {isa = PBXFileReference; lastKnownFileType = sourcecode.c.h; name = Slim.h; path = cslim/include/CSlim/Slim.h; sourceTree = "<group>"; };
		F8FC52BB14AE475600D714B4 /* SlimConnectionHandler.h */ = {isa = PBXFileReference; lastKnownFileType = sourcecode.c.h; name = SlimConnectionHandler.h; path = cslim/include/CSlim/SlimConnectionHandler.h; sourceTree = "<group>"; };
		F8FC52BC14AE475600D714B4 /* SlimList.h */ = {isa = PBXFileReference; lastKnownFileType = sourcecode.c.h; name = SlimList.h; path = cslim/include/CSlim/SlimList.h; sourceTree = "<group>"; };
		F8FC52BD14AE475600D714B4 /* SlimListDeserializer.h */ = {isa = PBXFileReference; lastKnownFileType = sourcecode.c.h; name = SlimListDeserializer.h; path = cslim/include/CSlim/SlimListDeserializer.h; sourceTree = "<group>"; };
		F8FC52BE14AE475600D714B4 /* SlimListSerializer.h */ = {isa = PBXFileReference; lastKnownFileType = sourcecode.c.h; name = SlimListSerializer.h; path = cslim/include/CSlim/SlimListSerializer.h; sourceTree = "<group>"; };
		F8FC52BF14AE475600D714B4 /* SlimUtil.h */ = {isa = PBXFileReference; lastKnownFileType = sourcecode.c.h; name = SlimUtil.h; path = cslim/include/CSlim/SlimUtil.h; sourceTree = "<group>"; };
		F8FC52C014AE475600D714B4 /* StatementExecutor.h */ = {isa = PBXFileReference; lastKnownFileType = sourcecode.c.h; name = StatementExecutor.h; path = cslim/include/CSlim/StatementExecutor.h; sourceTree = "<group>"; };
		F8FC52C214AE478F00D714B4 /* SocketServer.h */ = {isa = PBXFileReference; lastKnownFileType = sourcecode.c.h; name = SocketServer.h; path = cslim/include/Com/SocketServer.h; sourceTree = "<group>"; };
		F8FC52C314AE478F00D714B4 /* TcpComLink.h */ = {isa = PBXFileReference; lastKnownFileType = sourcecode.c.h; name = TcpComLink.h; path = cslim/include/Com/TcpComLink.h; sourceTree = "<group>"; };
		F8FC52C414AE47A500D714B4 /* ListExecutor.c */ = {isa = PBXFileReference; lastKnownFileType = sourcecode.c.c; name = ListExecutor.c; path = cslim/src/CSlim/ListExecutor.c; sourceTree = "<group>"; };
		F8FC52C514AE47A500D714B4 /* Slim.c */ = {isa = PBXFileReference; lastKnownFileType = sourcecode.c.c; name = Slim.c; path = cslim/src/CSlim/Slim.c; sourceTree = "<group>"; };
		F8FC52C614AE47A500D714B4 /* SlimConnectionHandler.c */ = {isa = PBXFileReference; lastKnownFileType = sourcecode.c.c; name = SlimConnectionHandler.c; path = cslim/src/CSlim/SlimConnectionHandler.c; sourceTree = "<group>"; };
		F8FC52C714AE47A500D714B4 /* SlimList.c */ = {isa = PBXFileReference; lastKnownFileType = sourcecode.c.c; name = SlimList.c; path = cslim/src/CSlim/SlimList.c; sourceTree = "<group>"; };
		F8FC52C814AE47A500D714B4 /* SlimListDeserializer.c */ = {isa = PBXFileReference; lastKnownFileType = sourcecode.c.c; name = SlimListDeserializer.c; path = cslim/src/CSlim/SlimListDeserializer.c; sourceTree = "<group>"; };
		F8FC52C914AE47A500D714B4 /* SlimListSerializer.c */ = {isa = PBXFileReference; lastKnownFileType = sourcecode.c.c; name = SlimListSerializer.c; path = cslim/src/CSlim/SlimListSerializer.c; sourceTree = "<group>"; };
		F8FC52CA14AE47A500D714B4 /* SlimUtil.c */ = {isa = PBXFileReference; lastKnownFileType = sourcecode.c.c; name = SlimUtil.c; path = cslim/src/CSlim/SlimUtil.c; sourceTree = "<group>"; };
		F8FC52CC14AE47B200D714B4 /* SocketServer.c */ = {isa = PBXFileReference; lastKnownFileType = sourcecode.c.c; name = SocketServer.c; path = cslim/src/Com/SocketServer.c; sourceTree = "<group>"; };
		F8FC52CD14AE47B200D714B4 /* TcpComLink.c */ = {isa = PBXFileReference; lastKnownFileType = sourcecode.c.c; name = TcpComLink.c; path = cslim/src/Com/TcpComLink.c; sourceTree = "<group>"; };
		F8FC52CE14AE47D500D714B4 /* StatementExecutor.m */ = {isa = PBXFileReference; lastKnownFileType = sourcecode.c.objc; name = StatementExecutor.m; path = cslim/src/ExecutorObjectiveC/StatementExecutor.m; sourceTree = "<group>"; };
		F8FC52D314AE498900D714B4 /* Fixtures.m */ = {isa = PBXFileReference; fileEncoding = 4; lastKnownFileType = sourcecode.c.objc; path = Fixtures.m; sourceTree = "<group>"; };
		F8FC52D614AE49B300D714B4 /* Fixtures.h */ = {isa = PBXFileReference; fileEncoding = 4; lastKnownFileType = sourcecode.c.h; name = Fixtures.h; path = cslim/include/CSlim/Fixtures.h; sourceTree = "<group>"; };
		F8FC52F914AE515000D714B4 /* TestSlim.h */ = {isa = PBXFileReference; fileEncoding = 4; lastKnownFileType = sourcecode.c.h; name = TestSlim.h; path = cslim/tests/ObjectiveC/TestSlim.h; sourceTree = "<group>"; };
		F8FC52FA14AE515000D714B4 /* TestSlim.m */ = {isa = PBXFileReference; fileEncoding = 4; lastKnownFileType = sourcecode.c.objc; name = TestSlim.m; path = cslim/tests/ObjectiveC/TestSlim.m; sourceTree = "<group>"; };
		F8FC52FB14AE515000D714B4 /* TestSlimTwo.h */ = {isa = PBXFileReference; fileEncoding = 4; lastKnownFileType = sourcecode.c.h; name = TestSlimTwo.h; path = cslim/tests/ObjectiveC/TestSlimTwo.h; sourceTree = "<group>"; };
		F8FC52FC14AE515000D714B4 /* TestSlimTwo.m */ = {isa = PBXFileReference; fileEncoding = 4; lastKnownFileType = sourcecode.c.objc; name = TestSlimTwo.m; path = cslim/tests/ObjectiveC/TestSlimTwo.m; sourceTree = "<group>"; };
/* End PBXFileReference section */

/* Begin PBXFrameworksBuildPhase section */
		07F1C2EE15D9B17000ECBC7F /* Frameworks */ = {
			isa = PBXFrameworksBuildPhase;
			buildActionMask = 2147483647;
			files = (
				07F1C2F315D9B17000ECBC7F /* Cocoa.framework in Frameworks */,
				07F1C2FD15D9B1DB00ECBC7F /* libSpecKitMac.a in Frameworks */,
			);
			runOnlyForDeploymentPostprocessing = 0;
		};
		07F1C33915D9B77D00ECBC7F /* Frameworks */ = {
			isa = PBXFrameworksBuildPhase;
			buildActionMask = 2147483647;
			files = (
				07F1C33F15D9B77D00ECBC7F /* UIKit.framework in Frameworks */,
				07F1C34015D9B77D00ECBC7F /* Foundation.framework in Frameworks */,
				07F1C34115D9B77D00ECBC7F /* CoreGraphics.framework in Frameworks */,
				07F1C34E15D9B78500ECBC7F /* libSpecKit.a in Frameworks */,
			);
			runOnlyForDeploymentPostprocessing = 0;
		};
		F81E7F6B1582AAF6004C029E /* Frameworks */ = {
			isa = PBXFrameworksBuildPhase;
			buildActionMask = 2147483647;
			files = (
				072E0CF615A1213C009615B6 /* Foundation.framework in Frameworks */,
				072E0CF315A11FBD009615B6 /* UIKit.framework in Frameworks */,
			);
			runOnlyForDeploymentPostprocessing = 0;
		};
		F8ED9F251448BE3200DCBB3F /* Frameworks */ = {
			isa = PBXFrameworksBuildPhase;
			buildActionMask = 2147483647;
			files = (
				F8ED9F261448BE3200DCBB3F /* Cocoa.framework in Frameworks */,
			);
			runOnlyForDeploymentPostprocessing = 0;
		};
/* End PBXFrameworksBuildPhase section */

/* Begin PBXGroup section */
		0795B2C115D9A1DE000D3DD4 /* Products */ = {
			isa = PBXGroup;
			children = (
				0795B2CB15D9A1DE000D3DD4 /* libSpecKit.a */,
				0795B2CD15D9A1DE000D3DD4 /* libSpecKitMac.a */,
				0795B2CF15D9A1DE000D3DD4 /* SpecKitTests.octest */,
				0795B2D115D9A1DE000D3DD4 /* SpecKitAcceptanceTest.octest */,
			);
			name = Products;
			sourceTree = "<group>";
		};
		07F1C2E415D9B14200ECBC7F /* MacSpecKit */ = {
			isa = PBXGroup;
			children = (
				07F1C2E515D9B14200ECBC7F /* main.m */,
				07F1C2E715D9B14200ECBC7F /* Supporting Files */,
			);
			path = MacSpecKit;
			sourceTree = "<group>";
		};
		07F1C2E715D9B14200ECBC7F /* Supporting Files */ = {
			isa = PBXGroup;
			children = (
				07F1C2E815D9B14200ECBC7F /* MacSpecKit-Prefix.pch */,
			);
			name = "Supporting Files";
			sourceTree = "<group>";
		};
		07F1C2F415D9B17000ECBC7F /* MacSK */ = {
			isa = PBXGroup;
			children = (
				07F1C2F515D9B17000ECBC7F /* main.m */,
				07F1C2F715D9B17000ECBC7F /* Supporting Files */,
			);
			path = MacSK;
			sourceTree = "<group>";
		};
		07F1C2F715D9B17000ECBC7F /* Supporting Files */ = {
			isa = PBXGroup;
			children = (
				07F1C2F815D9B17000ECBC7F /* MacSK-Prefix.pch */,
			);
			name = "Supporting Files";
			sourceTree = "<group>";
		};
		07F1C34215D9B77D00ECBC7F /* iOSSpecKit */ = {
			isa = PBXGroup;
			children = (
				07F1C34315D9B77D00ECBC7F /* Supporting Files */,
			);
			path = iOSSpecKit;
			sourceTree = "<group>";
		};
		07F1C34315D9B77D00ECBC7F /* Supporting Files */ = {
			isa = PBXGroup;
			children = (
				07F1C34415D9B77D00ECBC7F /* iOSSpecKit-Info.plist */,
				07F1C34515D9B77D00ECBC7F /* InfoPlist.strings */,
				07F1C34815D9B77D00ECBC7F /* main.m */,
				07F1C34A15D9B77D00ECBC7F /* iOSSpecKit-Prefix.pch */,
			);
			name = "Supporting Files";
			sourceTree = "<group>";
		};
		F873F3CF1448BEF300FFCA02 /* Fixtures */ = {
			isa = PBXGroup;
			children = (
				F88745C714F862BF003D2B3F /* ValidInputTypes.h */,
				F88745C814F862BF003D2B3F /* ValidInputTypes.m */,
				F88745C914F862BF003D2B3F /* ValidReturnTypes.h */,
				F88745CA14F862BF003D2B3F /* ValidReturnTypes.m */,
				F88745C314F862B4003D2B3F /* RespondsToStringValue.h */,
				F88745C414F862B4003D2B3F /* RespondsToStringValue.m */,
				F873F3D71448C5F100FFCA02 /* fitnesse.jar */,
				F873F3D51448BF4F00FFCA02 /* Main.c */,
				F81ADAC91449CA8600BC821A /* ObjAdderFixture.h */,
				F81ADACA1449CA8600BC821A /* ObjAdderFixture.m */,
				F8543DA514671E11001FC9E6 /* Count.h */,
				F8543DA614671E11001FC9E6 /* Count.m */,
				F8543DB214683673001FC9E6 /* Math.h */,
				F8543DB314683673001FC9E6 /* Math.m */,
				F8E91E27146C2BE500D064A5 /* EchoFixture.h */,
				F8E91E28146C2BE500D064A5 /* EchoFixture.m */,
				F8E91E2C146DC1CE00D064A5 /* TestQuery.h */,
				F8E91E2D146DC1CE00D064A5 /* TestQuery.m */,
				F8E91E2F146E05E700D064A5 /* TearDown.h */,
				F8E91E30146E05E700D064A5 /* TearDown.m */,
				F8E91E32146E060400D064A5 /* PageDriver.h */,
				F8E91E33146E060400D064A5 /* PageDriver.m */,
				F8E91E36146E061E00D064A5 /* SetUp.h */,
				F8E91E37146E061E00D064A5 /* SetUp.m */,
				F8E91E3914706A9B00D064A5 /* Uncle.h */,
				F8E91E3A14706A9B00D064A5 /* Uncle.m */,
			);
			name = Fixtures;
			sourceTree = "<group>";
		};
		F8A425F41452110700FD4ECA /* Specs */ = {
			isa = PBXGroup;
			children = (
				F8B5B1A4157037DF0049742E /* OCDSpec */,
				F8FC52D314AE498900D714B4 /* Fixtures.m */,
				F8FC52F914AE515000D714B4 /* TestSlim.h */,
				F8FC52FA14AE515000D714B4 /* TestSlim.m */,
				F8FC52FB14AE515000D714B4 /* TestSlimTwo.h */,
				F8FC52FC14AE515000D714B4 /* TestSlimTwo.m */,
				07F1C2CA15D9A26D00ECBC7F /* StatementExecutorSpecKit.m */,
				07F1C33615D9B69600ECBC7F /* OCSReturnValueSpecKit.m */,
			);
			name = Specs;
			sourceTree = "<group>";
		};
		F8B5B1A4157037DF0049742E /* OCDSpec */ = {
			isa = PBXGroup;
			children = (
				F8B5B1DF15703D280049742E /* Mac-Prefix.pch */,
				F8B5B1A5157037DF0049742E /* Contract */,
				F8B5B1AC157037DF0049742E /* iPhone-Prefix.pch */,
				F8B5B1AD157037DF0049742E /* OCDSpec.h */,
				F8B5B1AE157037DF0049742E /* OCDSpecDescription.h */,
				F8B5B1AF157037DF0049742E /* OCDSpecDescription.m */,
				F8B5B1B0157037DF0049742E /* OCDSpecDescriptionRunner.h */,
				F8B5B1B1157037DF0049742E /* OCDSpecDescriptionRunner.m */,
				F8B5B1B2157037DF0049742E /* OCDSpecExample.h */,
				F8B5B1B3157037DF0049742E /* OCDSpecExample.m */,
				F8B5B1B4157037DF0049742E /* OCDSpecExpectation.h */,
				F8B5B1B5157037DF0049742E /* OCDSpecExpectation.m */,
				F8B5B1B6157037DF0049742E /* OCDSpecFail.h */,
				F8B5B1B7157037DF0049742E /* OCDSpecFail.m */,
				F8B5B1B8157037DF0049742E /* OCDSpecOutputter+RedirectOutput.h */,
				F8B5B1B9157037DF0049742E /* OCDSpecOutputter+RedirectOutput.m */,
				F8B5B1BA157037DF0049742E /* OCDSpecOutputter.h */,
				F8B5B1BB157037DF0049742E /* OCDSpecOutputter.m */,
				F8B5B1BC157037DF0049742E /* OCDSpecResults.h */,
				F8B5B1BD157037DF0049742E /* OCDSpecSuiteRunner.h */,
				F8B5B1BE157037DF0049742E /* OCDSpecSuiteRunner.m */,
				F8B5B1BF157037DF0049742E /* Programs */,
				F8B5B1C3157037DF0049742E /* Protocols */,
				F8B5B1C6157037DF0049742E /* VoidBlock.h */,
			);
			name = OCDSpec;
			path = OCDSpec/OCDSpec;
			sourceTree = "<group>";
		};
		F8B5B1A5157037DF0049742E /* Contract */ = {
			isa = PBXGroup;
			children = (
				F8B5B1A6157037DF0049742E /* OCDSpecCondition.h */,
				F8B5B1A7157037DF0049742E /* OCDSpecCondition.m */,
				F8B5B1A8157037DF0049742E /* OCDSpecPostCondition.h */,
				F8B5B1A9157037DF0049742E /* OCDSpecPostCondition.m */,
				F8B5B1AA157037DF0049742E /* OCDSpecPreCondition.h */,
				F8B5B1AB157037DF0049742E /* OCDSpecPreCondition.m */,
			);
			path = Contract;
			sourceTree = "<group>";
		};
		F8B5B1BF157037DF0049742E /* Programs */ = {
			isa = PBXGroup;
			children = (
				F8B5B1C1157037DF0049742E /* RunIPhoneUnitTest.sh */,
				F87E802F158FE19600675E34 /* macMain.m */,
				F8B5B1C2157037DF0049742E /* unitTestMain.m */,
			);
			path = Programs;
			sourceTree = "<group>";
		};
		F8B5B1C3157037DF0049742E /* Protocols */ = {
			isa = PBXGroup;
			children = (
				F8B5B1C4157037DF0049742E /* DescriptionRunner.h */,
				F8B5B1C5157037DF0049742E /* Example.h */,
			);
			path = Protocols;
			sourceTree = "<group>";
		};
		F8ED9EF11448BDF900DCBB3F = {
			isa = PBXGroup;
			children = (
				0795B2C015D9A1DE000D3DD4 /* SpecKit.xcodeproj */,
				F8FC52B714AE472600D714B4 /* cslim */,
				F873F3CF1448BEF300FFCA02 /* Fixtures */,
				F8ED9F061448BDF900DCBB3F /* ObjectiveCSlim */,
				F8A425F41452110700FD4ECA /* Specs */,
				07F1C2E415D9B14200ECBC7F /* MacSpecKit */,
				07F1C2F415D9B17000ECBC7F /* MacSK */,
				07F1C34215D9B77D00ECBC7F /* iOSSpecKit */,
				F8ED9EFF1448BDF900DCBB3F /* Frameworks */,
				F8ED9EFD1448BDF900DCBB3F /* Products */,
			);
			sourceTree = "<group>";
		};
		F8ED9EFD1448BDF900DCBB3F /* Products */ = {
			isa = PBXGroup;
			children = (
				F8ED9F2E1448BE3200DCBB3F /* AcceptanceTests.app */,
				F81E7F741582AAF6004C029E /* iOSAcceptanceTests.app */,
				07F1C2F115D9B17000ECBC7F /* MacSK */,
				07F1C33D15D9B77D00ECBC7F /* iOSSpecKit.app */,
			);
			name = Products;
			sourceTree = "<group>";
		};
		F8ED9EFF1448BDF900DCBB3F /* Frameworks */ = {
			isa = PBXGroup;
			children = (
				072E0CED15A11F8F009615B6 /* UIKit.framework */,
				F8ED9F001448BDF900DCBB3F /* Cocoa.framework */,
				F8A425B4145208CC00FD4ECA /* Foundation.framework */,
				07F1C2BB15D9A23200ECBC7F /* CoreGraphics.framework */,
				F8ED9F021448BDF900DCBB3F /* Other Frameworks */,
			);
			name = Frameworks;
			sourceTree = "<group>";
		};
		F8ED9F021448BDF900DCBB3F /* Other Frameworks */ = {
			isa = PBXGroup;
			children = (
				F8ED9F031448BDF900DCBB3F /* AppKit.framework */,
				F8ED9F041448BDF900DCBB3F /* CoreData.framework */,
				F8ED9F051448BDF900DCBB3F /* Foundation.framework */,
			);
			name = "Other Frameworks";
			sourceTree = "<group>";
		};
		F8ED9F061448BDF900DCBB3F /* ObjectiveCSlim */ = {
			isa = PBXGroup;
			children = (
				F81E7F7C1582B0F1004C029E /* Adder.h */,
				F81E7F7D1582B0F1004C029E /* Adder.m */,
				F8ED9F071448BDF900DCBB3F /* Supporting Files */,
			);
			path = ObjectiveCSlim;
			sourceTree = "<group>";
		};
		F8ED9F071448BDF900DCBB3F /* Supporting Files */ = {
			isa = PBXGroup;
			children = (
				F8ED9F081448BDF900DCBB3F /* ObjectiveCSlim-Info.plist */,
				F8ED9F091448BDF900DCBB3F /* InfoPlist.strings */,
				F81E7F771582AC15004C029E /* ObjectiveCSlimIOS-Prefix.pch */,
				F8ED9F0C1448BDF900DCBB3F /* ObjectiveCSlimMac-Prefix.pch */,
				F8ED9F0F1448BDF900DCBB3F /* Credits.rtf */,
			);
			name = "Supporting Files";
			sourceTree = "<group>";
		};
		F8F160111587A3DB0092AA09 /* bin */ = {
			isa = PBXGroup;
			children = (
				F8F160131587A4250092AA09 /* RunAllTests */,
				F8F160141587A4250092AA09 /* RunSlimTests */,
				F8F160151587A4250092AA09 /* RunSlimTestsHeadless */,
				F8F160161587A4250092AA09 /* RunSlimTestsOnSimulator */,
				F8F160171587A4250092AA09 /* RunSlimTestsTargetWithSlimPort */,
				F8F160181587A4250092AA09 /* StartFitNesse */,
			);
			name = bin;
			sourceTree = "<group>";
		};
		F8FC52B714AE472600D714B4 /* cslim */ = {
			isa = PBXGroup;
			children = (
				F8F160111587A3DB0092AA09 /* bin */,
				F8FC52B914AE475600D714B4 /* ListExecutor.h */,
				F8FC52BA14AE475600D714B4 /* Slim.h */,
				F8FC52BB14AE475600D714B4 /* SlimConnectionHandler.h */,
				F8FC52BC14AE475600D714B4 /* SlimList.h */,
				F8FC52BD14AE475600D714B4 /* SlimListDeserializer.h */,
				F8FC52C214AE478F00D714B4 /* SocketServer.h */,
				F8FC52C314AE478F00D714B4 /* TcpComLink.h */,
				F8FC52BE14AE475600D714B4 /* SlimListSerializer.h */,
				F8FC52BF14AE475600D714B4 /* SlimUtil.h */,
				F8FC52C014AE475600D714B4 /* StatementExecutor.h */,
				F8FC52C414AE47A500D714B4 /* ListExecutor.c */,
				F8FC52D614AE49B300D714B4 /* Fixtures.h */,
				F8FC52C514AE47A500D714B4 /* Slim.c */,
				F88745BF14F8628C003D2B3F /* OCSReturnValue.h */,
				F88745C014F8628C003D2B3F /* OCSReturnValue.m */,
				F8FC52C614AE47A500D714B4 /* SlimConnectionHandler.c */,
				F8FC52C714AE47A500D714B4 /* SlimList.c */,
				F8FC52C814AE47A500D714B4 /* SlimListDeserializer.c */,
				F8FC52C914AE47A500D714B4 /* SlimListSerializer.c */,
				F8FC52CA14AE47A500D714B4 /* SlimUtil.c */,
				F8FC52CE14AE47D500D714B4 /* StatementExecutor.m */,
				F8FC52CC14AE47B200D714B4 /* SocketServer.c */,
				F8FC52CD14AE47B200D714B4 /* TcpComLink.c */,
			);
			name = cslim;
			sourceTree = "<group>";
		};
/* End PBXGroup section */

/* Begin PBXNativeTarget section */
		07F1C2F015D9B17000ECBC7F /* MacSK */ = {
			isa = PBXNativeTarget;
			buildConfigurationList = 07F1C2F915D9B17000ECBC7F /* Build configuration list for PBXNativeTarget "MacSK" */;
			buildPhases = (
				07F1C2ED15D9B17000ECBC7F /* Sources */,
				07F1C2EE15D9B17000ECBC7F /* Frameworks */,
				07F1C2EF15D9B17000ECBC7F /* ShellScript */,
			);
			buildRules = (
			);
			dependencies = (
			);
			name = MacSK;
			productName = MacSK;
			productReference = 07F1C2F115D9B17000ECBC7F /* MacSK */;
			productType = "com.apple.product-type.tool";
		};
		07F1C33C15D9B77D00ECBC7F /* iOSSpecKit */ = {
			isa = PBXNativeTarget;
			buildConfigurationList = 07F1C34B15D9B77D00ECBC7F /* Build configuration list for PBXNativeTarget "iOSSpecKit" */;
			buildPhases = (
				07F1C33815D9B77D00ECBC7F /* Sources */,
				07F1C33915D9B77D00ECBC7F /* Frameworks */,
				07F1C33A15D9B77D00ECBC7F /* Resources */,
				07F1C33B15D9B77D00ECBC7F /* ShellScript */,
			);
			buildRules = (
			);
			dependencies = (
			);
			name = iOSSpecKit;
			productName = iOSSpecKit;
			productReference = 07F1C33D15D9B77D00ECBC7F /* iOSSpecKit.app */;
			productType = "com.apple.product-type.application";
		};
		F81E7F4C1582AAF6004C029E /* iOSAcceptanceTests */ = {
			isa = PBXNativeTarget;
			buildConfigurationList = F81E7F711582AAF6004C029E /* Build configuration list for PBXNativeTarget "iOSAcceptanceTests" */;
			buildPhases = (
				F81E7F4D1582AAF6004C029E /* Sources */,
				F81E7F6B1582AAF6004C029E /* Frameworks */,
				F81E7F6D1582AAF6004C029E /* Resources */,
				F81E7F821582B4EE004C029E /* ShellScript */,
			);
			buildRules = (
			);
			dependencies = (
			);
			name = iOSAcceptanceTests;
			productName = ObjectiveCSlim;
			productReference = F81E7F741582AAF6004C029E /* iOSAcceptanceTests.app */;
			productType = "com.apple.product-type.application";
		};
		F8ED9F211448BE3200DCBB3F /* MacAcceptanceTests */ = {
			isa = PBXNativeTarget;
			buildConfigurationList = F8ED9F2B1448BE3200DCBB3F /* Build configuration list for PBXNativeTarget "MacAcceptanceTests" */;
			buildPhases = (
				F8ED9F221448BE3200DCBB3F /* Sources */,
				F8ED9F251448BE3200DCBB3F /* Frameworks */,
				F8ED9F271448BE3200DCBB3F /* Resources */,
				07B7CB4515A0D50600B2898C /* ShellScript */,
			);
			buildRules = (
			);
			dependencies = (
			);
			name = MacAcceptanceTests;
			productName = ObjectiveCSlim;
			productReference = F8ED9F2E1448BE3200DCBB3F /* AcceptanceTests.app */;
			productType = "com.apple.product-type.application";
		};
/* End PBXNativeTarget section */

/* Begin PBXProject section */
		F8ED9EF31448BDF900DCBB3F /* Project object */ = {
			isa = PBXProject;
			attributes = {
				LastUpgradeCheck = 0440;
			};
			buildConfigurationList = F8ED9EF61448BDF900DCBB3F /* Build configuration list for PBXProject "ObjectiveCSlim" */;
			compatibilityVersion = "Xcode 3.2";
			developmentRegion = English;
			hasScannedForEncodings = 0;
			knownRegions = (
				en,
			);
			mainGroup = F8ED9EF11448BDF900DCBB3F;
			productRefGroup = F8ED9EFD1448BDF900DCBB3F /* Products */;
			projectDirPath = "";
			projectReferences = (
				{
					ProductGroup = 0795B2C115D9A1DE000D3DD4 /* Products */;
					ProjectRef = 0795B2C015D9A1DE000D3DD4 /* SpecKit.xcodeproj */;
				},
			);
			projectRoot = "";
			targets = (
				F8ED9F211448BE3200DCBB3F /* MacAcceptanceTests */,
				F81E7F4C1582AAF6004C029E /* iOSAcceptanceTests */,
				07F1C2F015D9B17000ECBC7F /* MacSK */,
				07F1C33C15D9B77D00ECBC7F /* iOSSpecKit */,
				07381AEB15ADAF63000B0A38 /* AllTests */,
			);
		};
/* End PBXProject section */

/* Begin PBXReferenceProxy section */
		0795B2CB15D9A1DE000D3DD4 /* libSpecKit.a */ = {
			isa = PBXReferenceProxy;
			fileType = archive.ar;
			path = libSpecKit.a;
			remoteRef = 0795B2CA15D9A1DE000D3DD4 /* PBXContainerItemProxy */;
			sourceTree = BUILT_PRODUCTS_DIR;
		};
		0795B2CD15D9A1DE000D3DD4 /* libSpecKitMac.a */ = {
			isa = PBXReferenceProxy;
			fileType = archive.ar;
			path = libSpecKitMac.a;
			remoteRef = 0795B2CC15D9A1DE000D3DD4 /* PBXContainerItemProxy */;
			sourceTree = BUILT_PRODUCTS_DIR;
		};
		0795B2CF15D9A1DE000D3DD4 /* SpecKitTests.octest */ = {
			isa = PBXReferenceProxy;
			fileType = wrapper.cfbundle;
			path = SpecKitTests.octest;
			remoteRef = 0795B2CE15D9A1DE000D3DD4 /* PBXContainerItemProxy */;
			sourceTree = BUILT_PRODUCTS_DIR;
		};
		0795B2D115D9A1DE000D3DD4 /* SpecKitAcceptanceTest.octest */ = {
			isa = PBXReferenceProxy;
			fileType = wrapper.cfbundle;
			path = SpecKitAcceptanceTest.octest;
			remoteRef = 0795B2D015D9A1DE000D3DD4 /* PBXContainerItemProxy */;
			sourceTree = BUILT_PRODUCTS_DIR;
		};
/* End PBXReferenceProxy section */

/* Begin PBXResourcesBuildPhase section */
		07F1C33A15D9B77D00ECBC7F /* Resources */ = {
			isa = PBXResourcesBuildPhase;
			buildActionMask = 2147483647;
			files = (
				07F1C34715D9B77D00ECBC7F /* InfoPlist.strings in Resources */,
			);
			runOnlyForDeploymentPostprocessing = 0;
		};
		F81E7F6D1582AAF6004C029E /* Resources */ = {
			isa = PBXResourcesBuildPhase;
			buildActionMask = 2147483647;
			files = (
				F81E7F6E1582AAF6004C029E /* InfoPlist.strings in Resources */,
				F81E7F6F1582AAF6004C029E /* Credits.rtf in Resources */,
			);
			runOnlyForDeploymentPostprocessing = 0;
		};
		F8ED9F271448BE3200DCBB3F /* Resources */ = {
			isa = PBXResourcesBuildPhase;
			buildActionMask = 2147483647;
			files = (
				F8ED9F281448BE3200DCBB3F /* InfoPlist.strings in Resources */,
				F8ED9F291448BE3200DCBB3F /* Credits.rtf in Resources */,
			);
			runOnlyForDeploymentPostprocessing = 0;
		};
/* End PBXResourcesBuildPhase section */

/* Begin PBXShellScriptBuildPhase section */
		07B7CB4515A0D50600B2898C /* ShellScript */ = {
			isa = PBXShellScriptBuildPhase;
			buildActionMask = 2147483647;
			files = (
			);
			inputPaths = (
			);
			outputPaths = (
			);
			runOnlyForDeploymentPostprocessing = 0;
			shellPath = /bin/sh;
			shellScript = ./bin/Mac/RunSlimTests;
		};
		07F1C2EF15D9B17000ECBC7F /* ShellScript */ = {
			isa = PBXShellScriptBuildPhase;
			buildActionMask = 2147483647;
			files = (
			);
			inputPaths = (
			);
			outputPaths = (
			);
			runOnlyForDeploymentPostprocessing = 0;
			shellPath = /bin/sh;
			shellScript = $TARGET_BUILD_DIR/$EXECUTABLE_PATH;
		};
		07F1C33B15D9B77D00ECBC7F /* ShellScript */ = {
			isa = PBXShellScriptBuildPhase;
			buildActionMask = 2147483647;
			files = (
			);
			inputPaths = (
			);
			outputPaths = (
			);
			runOnlyForDeploymentPostprocessing = 0;
			shellPath = /bin/sh;
			shellScript = "#!/bin/bash\n#  RunIPhoneUnitTest.sh\n#  Copyright 2008 Google Inc.\n#\n#  Licensed under the Apache License, Version 2.0 (the \"License\"); you may not\n#  use this file except in compliance with the License.  You may obtain a copy\n#  of the License at\n#\n#  http://www.apache.org/licenses/LICENSE-2.0\n#\n#  Unless required by applicable law or agreed to in writing, software\n#  distributed under the License is distributed on an \"AS IS\" BASIS, WITHOUT\n#  WARRANTIES OR CONDITIONS OF ANY KIND, either express or implied.  See the\n#  License for the specific language governing permissions and limitations under\n#  the License.\n#\n#  Runs all unittests through the iPhone simulator. We don't handle running them\n#  on the device. To run on the device just choose \"run\".\n\nset -o errexit\nset -o nounset\nset -o verbose\n\n#  Controlling environment variables:\n# GTM_DISABLE_ZOMBIES -\n#   Set to a non-zero value to turn on zombie checks. You will probably\n#   want to turn this off if you enable leaks.\nGTM_DISABLE_ZOMBIES=${GTM_DISABLE_ZOMBIES:=1}\n\n# GTM_ENABLE_LEAKS -\n#   Set to a non-zero value to turn on the leaks check. You will probably want\n#   to disable zombies, otherwise you will get a lot of false positives.\n\n# GTM_DISABLE_TERMINATION\n#   Set to a non-zero value so that the app doesn't terminate when it's finished\n#   running tests. This is useful when using it with external tools such\n#   as Instruments.\n\n# GTM_LEAKS_SYMBOLS_TO_IGNORE\n#   List of comma separated symbols that leaks should ignore. Mainly to control\n#   leaks in frameworks you don't have control over.\n#   Search this file for GTM_LEAKS_SYMBOLS_TO_IGNORE to see examples.\n#   Please feel free to add other symbols as you find them but make sure to\n#   reference Radars or other bug systems so we can track them.\n\n# GTM_REMOVE_GCOV_DATA\n#   Before starting the test, remove any *.gcda files for the current run so\n#   you won't get failures when the source file has changed and the data can't\n#   be merged.\n#\nGTM_REMOVE_GCOV_DATA=${GTM_REMOVE_GCOV_DATA:=0}\n\n# GTM_DISABLE_USERDIR_SETUP\n#   Controls whether or not CFFIXED_USER_HOME is erased and set up from scratch\n#   for you each time the script is run. In some cases you may have a wrapper\n#   script calling this one that takes care of that for us so you can set up\n#   a certain user configuration.\nGTM_DISABLE_USERDIR_SETUP=${GTM_DISABLE_USERDIR_SETUP:=0}\n\n# GTM_DISABLE_IPHONE_LAUNCH_DAEMONS\n#   Controls whether or not we launch up the iPhone Launch Daemons before\n#   we start testing. You need Launch Daemons to test anything that interacts\n#   with security.\nGTM_DISABLE_IPHONE_LAUNCH_DAEMONS=1 #${GTM_DISABLE_IPHONE_LAUNCH_DAEMONS:=0}\n\nScriptDir=$(dirname \"$(echo $0 | sed -e \"s,^\\([^/]\\),$(pwd)/\\1,\")\")\nScriptName=$(basename \"$0\")\nThisScript=\"${ScriptDir}/${ScriptName}\"\n\nGTMXcodeNote() {\n    echo ${ThisScript}:${1}: note: GTM ${2}\n}\n\nif [ \"$PLATFORM_NAME\" == \"iphonesimulator\" ]; then\n  # We kill the iPhone simulator because otherwise we run into issues where\n  # the unittests fail becuase the simulator is currently running, and\n  # at this time the iPhone SDK won't allow two simulators running at the same\n  # time.\n  set +e\n  /usr/bin/killall \"iPhone Simulator\"\n  set -e\n\n  if [ $GTM_REMOVE_GCOV_DATA -ne 0 ]; then\n    if [ \"${OBJECT_FILE_DIR}-${CURRENT_VARIANT}\" != \"-\" ]; then\n      if [ -d \"${OBJECT_FILE_DIR}-${CURRENT_VARIANT}\" ]; then\n        GTMXcodeNote ${LINENO} \"Removing any .gcda files\"\n        (cd \"${OBJECT_FILE_DIR}-${CURRENT_VARIANT}\" && \\\n            find . -type f -name \"*.gcda\" -print0 | xargs -0 rm -f )\n      fi\n    fi\n  fi\n\n  export DYLD_ROOT_PATH=\"$SDKROOT\"\n  export DYLD_FRAMEWORK_PATH=\"$CONFIGURATION_BUILD_DIR\"\n  export IPHONE_SIMULATOR_ROOT=\"$SDKROOT\"\n  export CFFIXED_USER_HOME=\"$TEMP_FILES_DIR/iPhone Simulator User Dir\"\n\n  # See http://developer.apple.com/technotes/tn2004/tn2124.html for an\n  # explanation of these environment variables.\n\n  #export MallocScribble=YES\n  export MallocPreScribble=YES\n  #export MallocGuardEdges=YES\n  #export MallocStackLogging=YES\n  export NSAutoreleaseFreedObjectCheckEnabled=YES\n\n  # Turn on the mostly undocumented OBJC_DEBUG stuff.\n  export OBJC_DEBUG_FRAGILE_SUPERCLASSES=YES\n  export OBJC_DEBUG_UNLOAD=YES\n  # Turned off due to the amount of false positives from NS classes.\n  # export OBJC_DEBUG_FINALIZERS=YES\n  export OBJC_DEBUG_NIL_SYNC=YES\n  export OBJC_PRINT_REPLACED_METHODS=NO\n\n  if [ $GTM_DISABLE_ZOMBIES -eq 0 ]; then\n    GTMXcodeNote ${LINENO} \"Enabling zombies\"\n    export CFZombieLevel=3\n    export NSZombieEnabled=YES\n  fi\n\n  if [ $GTM_DISABLE_USERDIR_SETUP -eq 0 ]; then\n    # Cleanup user home directory\n    if [ -d \"$CFFIXED_USER_HOME\" ]; then\n      rm -rf \"$CFFIXED_USER_HOME\"\n    fi\n    mkdir \"$CFFIXED_USER_HOME\"\n    mkdir \"$CFFIXED_USER_HOME/Documents\"\n    mkdir -p \"$CFFIXED_USER_HOME/Library/Caches\"\n  fi\n\n  # 6251475 iPhone simulator leaks @ CFHTTPCookieStore shutdown if\n  #         CFFIXED_USER_HOME empty\n  GTM_LEAKS_SYMBOLS_TO_IGNORE=\"CFHTTPCookieStore\"\n\n  if [ $GTM_DISABLE_IPHONE_LAUNCH_DAEMONS -eq 0 ]; then\n    # If we want to test anything that interacts with the keychain, we need\n    # securityd up and running. See RunIPhoneLaunchDaemons.sh for details.\n    launchctl submit -l RunIPhoneLaunchDaemons -- \"${ScriptDir}/RunIPhoneLaunchDaemons.sh\" $IPHONE_SIMULATOR_ROOT $CFFIXED_USER_HOME\n    # No matter how we exit, we want to shut down our launchctl job.\n    trap \"launchctl remove RunIPhoneLaunchDaemons\" INT TERM EXIT\n  fi\n\n  # Start our app.\n  \"$TARGET_BUILD_DIR/$EXECUTABLE_PATH\" -RegisterForSystemEvents\n\nelse\n  GTMXcodeNote ${LINENO} \"Skipping running of unittests for device build.\"\nfi\nexit 0";
		};
		F81E7F821582B4EE004C029E /* ShellScript */ = {
			isa = PBXShellScriptBuildPhase;
			buildActionMask = 2147483647;
			files = (
			);
			inputPaths = (
			);
			outputPaths = (
			);
			runOnlyForDeploymentPostprocessing = 0;
			shellPath = /bin/sh;
			shellScript = ./bin/iOS/RunSlimTests;
		};
/* End PBXShellScriptBuildPhase section */

/* Begin PBXSourcesBuildPhase section */
		07F1C2ED15D9B17000ECBC7F /* Sources */ = {
			isa = PBXSourcesBuildPhase;
			buildActionMask = 2147483647;
			files = (
				07F1C31D15D9B3B400ECBC7F /* OCSReturnValue.m in Sources */,
				07F1C32315D9B3B400ECBC7F /* StatementExecutor.m in Sources */,
				07F1C31B15D9B3B400ECBC7F /* ListExecutor.c in Sources */,
				07F1C31C15D9B3B400ECBC7F /* Slim.c in Sources */,
				07F1C31E15D9B3B400ECBC7F /* SlimConnectionHandler.c in Sources */,
				07F1C31F15D9B3B400ECBC7F /* SlimList.c in Sources */,
				07F1C32015D9B3B400ECBC7F /* SlimListDeserializer.c in Sources */,
				07F1C32115D9B3B400ECBC7F /* SlimListSerializer.c in Sources */,
				07F1C32215D9B3B400ECBC7F /* SlimUtil.c in Sources */,
				07F1C32415D9B3B400ECBC7F /* SocketServer.c in Sources */,
				07F1C32515D9B3B400ECBC7F /* TcpComLink.c in Sources */,
				07F1C32615D9B3B400ECBC7F /* ValidInputTypes.m in Sources */,
				07F1C32715D9B3B400ECBC7F /* ValidReturnTypes.m in Sources */,
				07F1C32815D9B3B400ECBC7F /* RespondsToStringValue.m in Sources */,
				07F1C32915D9B3B400ECBC7F /* ObjAdderFixture.m in Sources */,
				07F1C32A15D9B3B400ECBC7F /* Count.m in Sources */,
				07F1C32B15D9B3B400ECBC7F /* Math.m in Sources */,
				07F1C32C15D9B3B400ECBC7F /* EchoFixture.m in Sources */,
				07F1C32D15D9B3B400ECBC7F /* TestQuery.m in Sources */,
				07F1C32E15D9B3B400ECBC7F /* TearDown.m in Sources */,
				07F1C32F15D9B3B400ECBC7F /* PageDriver.m in Sources */,
				07F1C33015D9B3B400ECBC7F /* SetUp.m in Sources */,
				07F1C33115D9B3B400ECBC7F /* Uncle.m in Sources */,
				07F1C33215D9B3B400ECBC7F /* Adder.m in Sources */,
				07F1C33315D9B3B400ECBC7F /* Fixtures.m in Sources */,
				07F1C33415D9B3B400ECBC7F /* TestSlim.m in Sources */,
				07F1C33515D9B3B400ECBC7F /* TestSlimTwo.m in Sources */,
				07F1C2F615D9B17000ECBC7F /* main.m in Sources */,
				07F1C2FE15D9B1E300ECBC7F /* StatementExecutorSpecKit.m in Sources */,
				07F1C33715D9B69600ECBC7F /* OCSReturnValueSpecKit.m in Sources */,
			);
			runOnlyForDeploymentPostprocessing = 0;
		};
		07F1C33815D9B77D00ECBC7F /* Sources */ = {
			isa = PBXSourcesBuildPhase;
			buildActionMask = 2147483647;
			files = (
				07F1C34F15D9B7C100ECBC7F /* ListExecutor.c in Sources */,
				07F1C35015D9B7C100ECBC7F /* Slim.c in Sources */,
				07F1C35115D9B7C100ECBC7F /* OCSReturnValue.m in Sources */,
				07F1C35215D9B7C100ECBC7F /* SlimConnectionHandler.c in Sources */,
				07F1C35315D9B7C100ECBC7F /* SlimList.c in Sources */,
				07F1C35415D9B7C100ECBC7F /* SlimListDeserializer.c in Sources */,
				07F1C35515D9B7C100ECBC7F /* SlimListSerializer.c in Sources */,
				07F1C35615D9B7C100ECBC7F /* SlimUtil.c in Sources */,
				07F1C35715D9B7C100ECBC7F /* StatementExecutor.m in Sources */,
				07F1C35815D9B7C100ECBC7F /* SocketServer.c in Sources */,
				07F1C35915D9B7C100ECBC7F /* TcpComLink.c in Sources */,
				07F1C35A15D9B7C100ECBC7F /* ValidInputTypes.m in Sources */,
				07F1C35B15D9B7C100ECBC7F /* ValidReturnTypes.m in Sources */,
				07F1C35C15D9B7C100ECBC7F /* RespondsToStringValue.m in Sources */,
				07F1C35E15D9B7C100ECBC7F /* ObjAdderFixture.m in Sources */,
				07F1C35F15D9B7C100ECBC7F /* Count.m in Sources */,
				07F1C36015D9B7C100ECBC7F /* Math.m in Sources */,
				07F1C36115D9B7C100ECBC7F /* EchoFixture.m in Sources */,
				07F1C36215D9B7C100ECBC7F /* TestQuery.m in Sources */,
				07F1C36315D9B7C100ECBC7F /* TearDown.m in Sources */,
				07F1C36415D9B7C100ECBC7F /* PageDriver.m in Sources */,
				07F1C36515D9B7C100ECBC7F /* SetUp.m in Sources */,
				07F1C36615D9B7C100ECBC7F /* Uncle.m in Sources */,
				07F1C36715D9B7C100ECBC7F /* Adder.m in Sources */,
				07F1C36815D9B7C100ECBC7F /* Fixtures.m in Sources */,
				07F1C36915D9B7C100ECBC7F /* TestSlim.m in Sources */,
				07F1C36A15D9B7C100ECBC7F /* TestSlimTwo.m in Sources */,
				07F1C36B15D9B7C100ECBC7F /* StatementExecutorSpecKit.m in Sources */,
				07F1C36C15D9B7C100ECBC7F /* OCSReturnValueSpecKit.m in Sources */,
				07F1C34915D9B77D00ECBC7F /* main.m in Sources */,
			);
			runOnlyForDeploymentPostprocessing = 0;
		};
		F81E7F4D1582AAF6004C029E /* Sources */ = {
			isa = PBXSourcesBuildPhase;
			buildActionMask = 2147483647;
			files = (
				07F1C37115D9B8BE00ECBC7F /* SlimList.c in Sources */,
				F81E7F4F1582AAF6004C029E /* Main.c in Sources */,
				F81E7F511582AAF6004C029E /* ObjAdderFixture.m in Sources */,
				F81E7F521582AAF6004C029E /* Count.m in Sources */,
				F81E7F531582AAF6004C029E /* Math.m in Sources */,
				F81E7F541582AAF6004C029E /* EchoFixture.m in Sources */,
				F81E7F551582AAF6004C029E /* TestQuery.m in Sources */,
				F81E7F561582AAF6004C029E /* TearDown.m in Sources */,
				F81E7F571582AAF6004C029E /* PageDriver.m in Sources */,
				F81E7F581582AAF6004C029E /* SetUp.m in Sources */,
				F81E7F591582AAF6004C029E /* Uncle.m in Sources */,
				F81E7F5A1582AAF6004C029E /* StatementExecutor.m in Sources */,
				F81E7F5B1582AAF6004C029E /* Fixtures.m in Sources */,
				F81E7F5C1582AAF6004C029E /* SocketServer.c in Sources */,
				F81E7F5D1582AAF6004C029E /* TcpComLink.c in Sources */,
				F81E7F5E1582AAF6004C029E /* ListExecutor.c in Sources */,
				F81E7F5F1582AAF6004C029E /* Slim.c in Sources */,
				F81E7F601582AAF6004C029E /* SlimConnectionHandler.c in Sources */,
				F81E7F621582AAF6004C029E /* SlimListDeserializer.c in Sources */,
				F81E7F631582AAF6004C029E /* SlimListSerializer.c in Sources */,
				F81E7F641582AAF6004C029E /* SlimUtil.c in Sources */,
				F81E7F651582AAF6004C029E /* TestSlim.m in Sources */,
				F81E7F661582AAF6004C029E /* TestSlimTwo.m in Sources */,
				F81E7F671582AAF6004C029E /* OCSReturnValue.m in Sources */,
				F81E7F681582AAF6004C029E /* RespondsToStringValue.m in Sources */,
				F81E7F691582AAF6004C029E /* ValidInputTypes.m in Sources */,
				F81E7F6A1582AAF6004C029E /* ValidReturnTypes.m in Sources */,
				F81E7F7F1582B0F1004C029E /* Adder.m in Sources */,
			);
			runOnlyForDeploymentPostprocessing = 0;
		};
		F8ED9F221448BE3200DCBB3F /* Sources */ = {
			isa = PBXSourcesBuildPhase;
			buildActionMask = 2147483647;
			files = (
				F873F3D61448BF4F00FFCA02 /* Main.c in Sources */,
				F81ADACB1449CA8600BC821A /* ObjAdderFixture.m in Sources */,
				F8543DA714671E11001FC9E6 /* Count.m in Sources */,
				F8543DB414683673001FC9E6 /* Math.m in Sources */,
				F8E91E29146C2BE500D064A5 /* EchoFixture.m in Sources */,
				F8E91E2E146DC1CE00D064A5 /* TestQuery.m in Sources */,
				F8E91E31146E05E800D064A5 /* TearDown.m in Sources */,
				F8E91E35146E060900D064A5 /* PageDriver.m in Sources */,
				F8E91E38146E061E00D064A5 /* SetUp.m in Sources */,
				F8E91E3B14706A9B00D064A5 /* Uncle.m in Sources */,
				F8FC52D214AE484D00D714B4 /* StatementExecutor.m in Sources */,
				F8FC52D414AE498900D714B4 /* Fixtures.m in Sources */,
				F8FC52D714AE4AAC00D714B4 /* SocketServer.c in Sources */,
				F8FC52D914AE4B3500D714B4 /* TcpComLink.c in Sources */,
				F8FC52DC14AE4B9A00D714B4 /* ListExecutor.c in Sources */,
				F8FC52DD14AE4BF900D714B4 /* Slim.c in Sources */,
				F8FC52DF14AE4C9700D714B4 /* SlimConnectionHandler.c in Sources */,
				F8FC52E314AE4D7D00D714B4 /* SlimList.c in Sources */,
				F8FC52E514AE4DFA00D714B4 /* SlimListDeserializer.c in Sources */,
				F8FC52E614AE4DFA00D714B4 /* SlimListSerializer.c in Sources */,
				F8FC52EB14AE4E2000D714B4 /* SlimUtil.c in Sources */,
				F8FC52FD14AE515000D714B4 /* TestSlim.m in Sources */,
				F8FC52FF14AE515000D714B4 /* TestSlimTwo.m in Sources */,
				F88745C114F8628C003D2B3F /* OCSReturnValue.m in Sources */,
				F88745C514F862B4003D2B3F /* RespondsToStringValue.m in Sources */,
				F88745CB14F862BF003D2B3F /* ValidInputTypes.m in Sources */,
				F88745CD14F862BF003D2B3F /* ValidReturnTypes.m in Sources */,
				F81E7F7E1582B0F1004C029E /* Adder.m in Sources */,
			);
			runOnlyForDeploymentPostprocessing = 0;
		};
/* End PBXSourcesBuildPhase section */

/* Begin PBXTargetDependency section */
		07381AF115ADAF73000B0A38 /* PBXTargetDependency */ = {
			isa = PBXTargetDependency;
			target = F8ED9F211448BE3200DCBB3F /* MacAcceptanceTests */;
			targetProxy = 07381AF015ADAF73000B0A38 /* PBXContainerItemProxy */;
		};
		07381AF515ADAF73000B0A38 /* PBXTargetDependency */ = {
			isa = PBXTargetDependency;
			target = F81E7F4C1582AAF6004C029E /* iOSAcceptanceTests */;
			targetProxy = 07381AF415ADAF73000B0A38 /* PBXContainerItemProxy */;
		};
		07F1C36E15D9B80700ECBC7F /* PBXTargetDependency */ = {
			isa = PBXTargetDependency;
			target = 07F1C2F015D9B17000ECBC7F /* MacSK */;
			targetProxy = 07F1C36D15D9B80700ECBC7F /* PBXContainerItemProxy */;
		};
		07F1C37015D9B80700ECBC7F /* PBXTargetDependency */ = {
			isa = PBXTargetDependency;
			target = 07F1C33C15D9B77D00ECBC7F /* iOSSpecKit */;
			targetProxy = 07F1C36F15D9B80700ECBC7F /* PBXContainerItemProxy */;
		};
/* End PBXTargetDependency section */

/* Begin PBXVariantGroup section */
		07F1C34515D9B77D00ECBC7F /* InfoPlist.strings */ = {
			isa = PBXVariantGroup;
			children = (
				07F1C34615D9B77D00ECBC7F /* en */,
			);
			name = InfoPlist.strings;
			sourceTree = "<group>";
		};
		F8ED9F091448BDF900DCBB3F /* InfoPlist.strings */ = {
			isa = PBXVariantGroup;
			children = (
				F8ED9F0A1448BDF900DCBB3F /* en */,
			);
			name = InfoPlist.strings;
			sourceTree = "<group>";
		};
		F8ED9F0F1448BDF900DCBB3F /* Credits.rtf */ = {
			isa = PBXVariantGroup;
			children = (
				F8ED9F101448BDF900DCBB3F /* en */,
			);
			name = Credits.rtf;
			sourceTree = "<group>";
		};
/* End PBXVariantGroup section */

/* Begin XCBuildConfiguration section */
		07381AEC15ADAF63000B0A38 /* Debug */ = {
			isa = XCBuildConfiguration;
			buildSettings = {
				COMBINE_HIDPI_IMAGES = YES;
				PRODUCT_NAME = "$(TARGET_NAME)";
			};
			name = Debug;
		};
		07381AED15ADAF63000B0A38 /* Release */ = {
			isa = XCBuildConfiguration;
			buildSettings = {
				COMBINE_HIDPI_IMAGES = YES;
				PRODUCT_NAME = "$(TARGET_NAME)";
			};
			name = Release;
		};
		07F1C2FA15D9B17000ECBC7F /* Debug */ = {
			isa = XCBuildConfiguration;
			buildSettings = {
				ALWAYS_SEARCH_USER_PATHS = NO;
				ARCHS = "$(ARCHS_STANDARD_64_BIT)";
				CLANG_CXX_LANGUAGE_STANDARD = "gnu++0x";
				CLANG_ENABLE_OBJC_ARC = YES;
				CLANG_WARN__DUPLICATE_METHOD_MATCH = YES;
				COPY_PHASE_STRIP = NO;
				GCC_DYNAMIC_NO_PIC = NO;
				GCC_ENABLE_OBJC_EXCEPTIONS = YES;
				GCC_PRECOMPILE_PREFIX_HEADER = YES;
				GCC_PREFIX_HEADER = "MacSK/MacSK-Prefix.pch";
				GCC_PREPROCESSOR_DEFINITIONS = (
					"DEBUG=1",
					"$(inherited)",
				);
				GCC_WARN_UNINITIALIZED_AUTOS = YES;
				HEADER_SEARCH_PATHS = SpecKit;
				INFOPLIST_FILE = "";
				MACOSX_DEPLOYMENT_TARGET = 10.8;
				PRODUCT_NAME = "$(TARGET_NAME)";
			};
			name = Debug;
		};
		07F1C2FB15D9B17000ECBC7F /* Release */ = {
			isa = XCBuildConfiguration;
			buildSettings = {
				ALWAYS_SEARCH_USER_PATHS = NO;
				ARCHS = "$(ARCHS_STANDARD_64_BIT)";
				CLANG_CXX_LANGUAGE_STANDARD = "gnu++0x";
				CLANG_ENABLE_OBJC_ARC = YES;
				CLANG_WARN__DUPLICATE_METHOD_MATCH = YES;
				COPY_PHASE_STRIP = YES;
				DEBUG_INFORMATION_FORMAT = "dwarf-with-dsym";
				GCC_ENABLE_OBJC_EXCEPTIONS = YES;
				GCC_PRECOMPILE_PREFIX_HEADER = YES;
				GCC_PREFIX_HEADER = "MacSK/MacSK-Prefix.pch";
				GCC_WARN_UNINITIALIZED_AUTOS = YES;
				HEADER_SEARCH_PATHS = SpecKit;
				INFOPLIST_FILE = "";
				MACOSX_DEPLOYMENT_TARGET = 10.8;
				PRODUCT_NAME = "$(TARGET_NAME)";
			};
			name = Release;
		};
		07F1C34C15D9B77D00ECBC7F /* Debug */ = {
			isa = XCBuildConfiguration;
			buildSettings = {
				ALWAYS_SEARCH_USER_PATHS = NO;
				ARCHS = "$(ARCHS_STANDARD_32_BIT)";
				CLANG_CXX_LANGUAGE_STANDARD = "gnu++0x";
				CLANG_ENABLE_OBJC_ARC = YES;
				CLANG_WARN__DUPLICATE_METHOD_MATCH = YES;
				"CODE_SIGN_IDENTITY[sdk=iphoneos*]" = "iPhone Developer";
				COPY_PHASE_STRIP = NO;
				GCC_DYNAMIC_NO_PIC = NO;
				GCC_PRECOMPILE_PREFIX_HEADER = YES;
				GCC_PREFIX_HEADER = "iOSSpecKit/iOSSpecKit-Prefix.pch";
				GCC_PREPROCESSOR_DEFINITIONS = (
					"DEBUG=1",
					"$(inherited)",
				);
				GCC_WARN_UNINITIALIZED_AUTOS = YES;
				HEADER_SEARCH_PATHS = SpecKit;
				INFOPLIST_FILE = "";
				IPHONEOS_DEPLOYMENT_TARGET = 5.1;
				PRODUCT_NAME = "$(TARGET_NAME)";
				SDKROOT = iphoneos;
				TARGETED_DEVICE_FAMILY = "1,2";
				WRAPPER_EXTENSION = app;
			};
			name = Debug;
		};
		07F1C34D15D9B77D00ECBC7F /* Release */ = {
			isa = XCBuildConfiguration;
			buildSettings = {
				ALWAYS_SEARCH_USER_PATHS = NO;
				ARCHS = "$(ARCHS_STANDARD_32_BIT)";
				CLANG_CXX_LANGUAGE_STANDARD = "gnu++0x";
				CLANG_ENABLE_OBJC_ARC = YES;
				CLANG_WARN__DUPLICATE_METHOD_MATCH = YES;
				"CODE_SIGN_IDENTITY[sdk=iphoneos*]" = "iPhone Developer";
				COPY_PHASE_STRIP = YES;
				GCC_PRECOMPILE_PREFIX_HEADER = YES;
				GCC_PREFIX_HEADER = "iOSSpecKit/iOSSpecKit-Prefix.pch";
				GCC_WARN_UNINITIALIZED_AUTOS = YES;
				HEADER_SEARCH_PATHS = SpecKit;
				INFOPLIST_FILE = "";
				IPHONEOS_DEPLOYMENT_TARGET = 5.1;
				OTHER_CFLAGS = "-DNS_BLOCK_ASSERTIONS=1";
				PRODUCT_NAME = "$(TARGET_NAME)";
				SDKROOT = iphoneos;
				TARGETED_DEVICE_FAMILY = "1,2";
				VALIDATE_PRODUCT = YES;
				WRAPPER_EXTENSION = app;
			};
			name = Release;
		};
		F81E7F721582AAF6004C029E /* Debug */ = {
			isa = XCBuildConfiguration;
			buildSettings = {
				ALWAYS_SEARCH_USER_PATHS = NO;
				ARCHS = "$(ARCHS_STANDARD_32_BIT)";
				CLANG_ENABLE_OBJC_ARC = YES;
				COPY_PHASE_STRIP = NO;
				GCC_DYNAMIC_NO_PIC = NO;
				GCC_ENABLE_OBJC_EXCEPTIONS = YES;
				GCC_PRECOMPILE_PREFIX_HEADER = YES;
				GCC_PREFIX_HEADER = "ObjectiveCSlim/ObjectiveCSlimIOS-Prefix.pch";
				INFOPLIST_FILE = "ObjectiveCSlim-Info.plist";
				IPHONEOS_DEPLOYMENT_TARGET = 5.0;
				ONLY_ACTIVE_ARCH = NO;
				PRODUCT_NAME = iOSAcceptanceTests;
				SDKROOT = iphoneos;
				WRAPPER_EXTENSION = app;
			};
			name = Debug;
		};
		F81E7F731582AAF6004C029E /* Release */ = {
			isa = XCBuildConfiguration;
			buildSettings = {
				ALWAYS_SEARCH_USER_PATHS = NO;
				ARCHS = "$(ARCHS_STANDARD_32_BIT)";
				CLANG_ENABLE_OBJC_ARC = YES;
				COPY_PHASE_STRIP = YES;
				DEBUG_INFORMATION_FORMAT = "dwarf-with-dsym";
				GCC_ENABLE_OBJC_EXCEPTIONS = YES;
				GCC_PRECOMPILE_PREFIX_HEADER = YES;
				GCC_PREFIX_HEADER = "ObjectiveCSlim/ObjectiveCSlimIOS-Prefix.pch";
				INFOPLIST_FILE = "ObjectiveCSlim-Info.plist";
				IPHONEOS_DEPLOYMENT_TARGET = 5.0;
				ONLY_ACTIVE_ARCH = NO;
				PRODUCT_NAME = iOSAcceptanceTests;
				SDKROOT = iphoneos;
				WRAPPER_EXTENSION = app;
			};
			name = Release;
		};
		F8ED9F181448BDF900DCBB3F /* Debug */ = {
			isa = XCBuildConfiguration;
			buildSettings = {
				ARCHS = "$(ARCHS_STANDARD_32_64_BIT)";
				GCC_C_LANGUAGE_STANDARD = gnu99;
				GCC_OPTIMIZATION_LEVEL = 0;
				GCC_PREPROCESSOR_DEFINITIONS = DEBUG;
				GCC_SYMBOLS_PRIVATE_EXTERN = NO;
				GCC_VERSION = com.apple.compilers.llvm.clang.1_0;
				GCC_WARN_64_TO_32_BIT_CONVERSION = YES;
				GCC_WARN_ABOUT_RETURN_TYPE = YES;
				GCC_WARN_UNUSED_VARIABLE = YES;
				MACOSX_DEPLOYMENT_TARGET = 10.6;
				ONLY_ACTIVE_ARCH = YES;
				SDKROOT = macosx;
			};
			name = Debug;
		};
		F8ED9F191448BDF900DCBB3F /* Release */ = {
			isa = XCBuildConfiguration;
			buildSettings = {
				ARCHS = "$(ARCHS_STANDARD_32_64_BIT)";
				GCC_C_LANGUAGE_STANDARD = gnu99;
				GCC_VERSION = com.apple.compilers.llvm.clang.1_0;
				GCC_WARN_64_TO_32_BIT_CONVERSION = YES;
				GCC_WARN_ABOUT_RETURN_TYPE = YES;
				GCC_WARN_UNUSED_VARIABLE = YES;
				MACOSX_DEPLOYMENT_TARGET = 10.6;
				SDKROOT = macosx;
			};
			name = Release;
		};
		F8ED9F2C1448BE3200DCBB3F /* Debug */ = {
			isa = XCBuildConfiguration;
			buildSettings = {
				ALWAYS_SEARCH_USER_PATHS = NO;
				CLANG_ENABLE_OBJC_ARC = YES;
				COMBINE_HIDPI_IMAGES = YES;
				COPY_PHASE_STRIP = NO;
				GCC_DYNAMIC_NO_PIC = NO;
				GCC_ENABLE_OBJC_EXCEPTIONS = YES;
				GCC_PRECOMPILE_PREFIX_HEADER = YES;
				GCC_PREFIX_HEADER = "ObjectiveCSlim/ObjectiveCSlimMac-Prefix.pch";
				INFOPLIST_FILE = "ObjectiveCSlim/ObjectiveCSlim-Info.plist";
				PRODUCT_NAME = AcceptanceTests;
				WRAPPER_EXTENSION = app;
			};
			name = Debug;
		};
		F8ED9F2D1448BE3200DCBB3F /* Release */ = {
			isa = XCBuildConfiguration;
			buildSettings = {
				ALWAYS_SEARCH_USER_PATHS = NO;
				CLANG_ENABLE_OBJC_ARC = YES;
				COMBINE_HIDPI_IMAGES = YES;
				COPY_PHASE_STRIP = YES;
				DEBUG_INFORMATION_FORMAT = "dwarf-with-dsym";
				GCC_ENABLE_OBJC_EXCEPTIONS = YES;
				GCC_PRECOMPILE_PREFIX_HEADER = YES;
				GCC_PREFIX_HEADER = "ObjectiveCSlim/ObjectiveCSlimMac-Prefix.pch";
				INFOPLIST_FILE = "ObjectiveCSlim/ObjectiveCSlim-Info.plist";
				PRODUCT_NAME = AcceptanceTests;
				WRAPPER_EXTENSION = app;
			};
			name = Release;
		};
/* End XCBuildConfiguration section */

/* Begin XCConfigurationList section */
		07381AEE15ADAF63000B0A38 /* Build configuration list for PBXAggregateTarget "AllTests" */ = {
			isa = XCConfigurationList;
			buildConfigurations = (
				07381AEC15ADAF63000B0A38 /* Debug */,
				07381AED15ADAF63000B0A38 /* Release */,
			);
			defaultConfigurationIsVisible = 0;
			defaultConfigurationName = Release;
		};
		07F1C2F915D9B17000ECBC7F /* Build configuration list for PBXNativeTarget "MacSK" */ = {
			isa = XCConfigurationList;
			buildConfigurations = (
				07F1C2FA15D9B17000ECBC7F /* Debug */,
				07F1C2FB15D9B17000ECBC7F /* Release */,
			);
			defaultConfigurationIsVisible = 0;
		};
		07F1C34B15D9B77D00ECBC7F /* Build configuration list for PBXNativeTarget "iOSSpecKit" */ = {
			isa = XCConfigurationList;
			buildConfigurations = (
				07F1C34C15D9B77D00ECBC7F /* Debug */,
				07F1C34D15D9B77D00ECBC7F /* Release */,
			);
			defaultConfigurationIsVisible = 0;
		};
		F81E7F711582AAF6004C029E /* Build configuration list for PBXNativeTarget "iOSAcceptanceTests" */ = {
			isa = XCConfigurationList;
			buildConfigurations = (
				F81E7F721582AAF6004C029E /* Debug */,
				F81E7F731582AAF6004C029E /* Release */,
			);
			defaultConfigurationIsVisible = 0;
			defaultConfigurationName = Release;
		};
		F8ED9EF61448BDF900DCBB3F /* Build configuration list for PBXProject "ObjectiveCSlim" */ = {
			isa = XCConfigurationList;
			buildConfigurations = (
				F8ED9F181448BDF900DCBB3F /* Debug */,
				F8ED9F191448BDF900DCBB3F /* Release */,
			);
			defaultConfigurationIsVisible = 0;
			defaultConfigurationName = Release;
		};
		F8ED9F2B1448BE3200DCBB3F /* Build configuration list for PBXNativeTarget "MacAcceptanceTests" */ = {
			isa = XCConfigurationList;
			buildConfigurations = (
				F8ED9F2C1448BE3200DCBB3F /* Debug */,
				F8ED9F2D1448BE3200DCBB3F /* Release */,
			);
			defaultConfigurationIsVisible = 0;
			defaultConfigurationName = Release;
		};
/* End XCConfigurationList section */
	};
	rootObject = F8ED9EF31448BDF900DCBB3F /* Project object */;
}
